// !$*UTF8*$!
{
	archiveVersion = 1;
	classes = {
	};
	objectVersion = 46;
	objects = {

/* Begin PBXBuildFile section */
		0C39DD33B6D8ED391FA88ED5 /* libPods.a in Frameworks */ = {isa = PBXBuildFile; fileRef = AA08641E7F59BD859B41E36B /* libPods.a */; };
		9A8CC3261CDF779B005E19D9 /* IOTransmitters.m in Sources */ = {isa = PBXBuildFile; fileRef = 9A8CC3251CDF779B005E19D9 /* IOTransmitters.m */; };
		9A8CC33E1CE0AF84005E19D9 /* YWJHttpTool.m in Sources */ = {isa = PBXBuildFile; fileRef = 9A8CC32E1CE0AF84005E19D9 /* YWJHttpTool.m */; };
		9A8CC33F1CE0AF84005E19D9 /* YWJVersionTool.m in Sources */ = {isa = PBXBuildFile; fileRef = 9A8CC3311CE0AF84005E19D9 /* YWJVersionTool.m */; };
		9A8CC3401CE0AF84005E19D9 /* YWJRootTool.m in Sources */ = {isa = PBXBuildFile; fileRef = 9A8CC3341CE0AF84005E19D9 /* YWJRootTool.m */; };
		9A8CC3411CE0AF84005E19D9 /* YWJShopsParam.m in Sources */ = {isa = PBXBuildFile; fileRef = 9A8CC3381CE0AF84005E19D9 /* YWJShopsParam.m */; };
		9A8CC3421CE0AF84005E19D9 /* YWJShopsResult.m in Sources */ = {isa = PBXBuildFile; fileRef = 9A8CC33B1CE0AF84005E19D9 /* YWJShopsResult.m */; };
		9A8CC3431CE0AF84005E19D9 /* YWJShopsTool.m in Sources */ = {isa = PBXBuildFile; fileRef = 9A8CC33D1CE0AF84005E19D9 /* YWJShopsTool.m */; };
		9A8CC36A1CE0AFC7005E19D9 /* IODishViewController.m in Sources */ = {isa = PBXBuildFile; fileRef = 9A8CC3471CE0AFC7005E19D9 /* IODishViewController.m */; };
		9A8CC36B1CE0AFC7005E19D9 /* IOHomeViewController.m in Sources */ = {isa = PBXBuildFile; fileRef = 9A8CC3491CE0AFC7005E19D9 /* IOHomeViewController.m */; };
		9A8CC36C1CE0AFC7005E19D9 /* IOShopViewController.m in Sources */ = {isa = PBXBuildFile; fileRef = 9A8CC34B1CE0AFC7005E19D9 /* IOShopViewController.m */; };
		9A8CC36D1CE0AFC7005E19D9 /* IODish.m in Sources */ = {isa = PBXBuildFile; fileRef = 9A8CC34E1CE0AFC7005E19D9 /* IODish.m */; };
		9A8CC36E1CE0AFC7005E19D9 /* IODishInfo.m in Sources */ = {isa = PBXBuildFile; fileRef = 9A8CC3501CE0AFC7005E19D9 /* IODishInfo.m */; };
		9A8CC36F1CE0AFC7005E19D9 /* IOShop.m in Sources */ = {isa = PBXBuildFile; fileRef = 9A8CC3521CE0AFC7005E19D9 /* IOShop.m */; };
		9A8CC3711CE0AFC7005E19D9 /* IOBadgeView.m in Sources */ = {isa = PBXBuildFile; fileRef = 9A8CC3571CE0AFC7005E19D9 /* IOBadgeView.m */; };
		9A8CC3721CE0AFC7005E19D9 /* IOOrderHeaderView.m in Sources */ = {isa = PBXBuildFile; fileRef = 9A8CC3591CE0AFC7005E19D9 /* IOOrderHeaderView.m */; };
		9A8CC3731CE0AFC7005E19D9 /* IOOrderShopMenuCell.m in Sources */ = {isa = PBXBuildFile; fileRef = 9A8CC35B1CE0AFC7005E19D9 /* IOOrderShopMenuCell.m */; };
		9A8CC3741CE0AFC7005E19D9 /* IOOrderShopOptionCell.m in Sources */ = {isa = PBXBuildFile; fileRef = 9A8CC35D1CE0AFC7005E19D9 /* IOOrderShopOptionCell.m */; };
		9A8CC3751CE0AFC7005E19D9 /* IOOrderShopStarView.m in Sources */ = {isa = PBXBuildFile; fileRef = 9A8CC35F1CE0AFC7005E19D9 /* IOOrderShopStarView.m */; };
		9A8CC3761CE0AFC7005E19D9 /* IOHomeViewCell.m in Sources */ = {isa = PBXBuildFile; fileRef = 9A8CC3611CE0AFC7005E19D9 /* IOHomeViewCell.m */; };
		9A8CC3771CE0AFC7005E19D9 /* IOScrollView.m in Sources */ = {isa = PBXBuildFile; fileRef = 9A8CC3631CE0AFC7005E19D9 /* IOScrollView.m */; };
		9A8CC3781CE0AFC7005E19D9 /* IOShoppingView.m in Sources */ = {isa = PBXBuildFile; fileRef = 9A8CC3651CE0AFC7005E19D9 /* IOShoppingView.m */; };
		9A8CC3791CE0AFC7005E19D9 /* IOSpecialView.m in Sources */ = {isa = PBXBuildFile; fileRef = 9A8CC3671CE0AFC7005E19D9 /* IOSpecialView.m */; };
		9A8CC37A1CE0AFC7005E19D9 /* IOTitleView.m in Sources */ = {isa = PBXBuildFile; fileRef = 9A8CC3691CE0AFC7005E19D9 /* IOTitleView.m */; };
		9A8CC3821CE306B4005E19D9 /* IOOrderViewCell.m in Sources */ = {isa = PBXBuildFile; fileRef = 9A8CC3811CE306B4005E19D9 /* IOOrderViewCell.m */; };
		9A8CC3851CE3075E005E19D9 /* IOOrder.m in Sources */ = {isa = PBXBuildFile; fileRef = 9A8CC3841CE3075E005E19D9 /* IOOrder.m */; };
		CA6539561CBD40E6000972E2 /* IONewFeatureViewController.m in Sources */ = {isa = PBXBuildFile; fileRef = CA6539551CBD40E6000972E2 /* IONewFeatureViewController.m */; };
		CA6539591CBD44CF000972E2 /* YWJNewFeatureScrollPage.m in Sources */ = {isa = PBXBuildFile; fileRef = CA6539581CBD44CF000972E2 /* YWJNewFeatureScrollPage.m */; };
		CA9019911CE16B7A00AC5712 /* YWJDishesParam.m in Sources */ = {isa = PBXBuildFile; fileRef = CA90198B1CE16B7A00AC5712 /* YWJDishesParam.m */; };
		CA9019921CE16B7A00AC5712 /* YWJDishesResult.m in Sources */ = {isa = PBXBuildFile; fileRef = CA90198E1CE16B7A00AC5712 /* YWJDishesResult.m */; };
		CA9019931CE16B7A00AC5712 /* YWJDishesTool.m in Sources */ = {isa = PBXBuildFile; fileRef = CA9019901CE16B7A00AC5712 /* YWJDishesTool.m */; };
		CA9019961CE16C1200AC5712 /* IODishes.m in Sources */ = {isa = PBXBuildFile; fileRef = CA9019951CE16C1200AC5712 /* IODishes.m */; };
		CAE8F02C1CB940E2005618B0 /* iOrderTests.m in Sources */ = {isa = PBXBuildFile; fileRef = CAE8F02B1CB940E2005618B0 /* iOrderTests.m */; };
		CAE8F0371CB940E2005618B0 /* iOrderUITests.m in Sources */ = {isa = PBXBuildFile; fileRef = CAE8F0361CB940E2005618B0 /* iOrderUITests.m */; };
		CAE8F07B1CB94170005618B0 /* YWJBadgeView.m in Sources */ = {isa = PBXBuildFile; fileRef = CAE8F04E1CB94170005618B0 /* YWJBadgeView.m */; };
		CAE8F07C1CB94170005618B0 /* YWJTabBar.m in Sources */ = {isa = PBXBuildFile; fileRef = CAE8F0501CB94170005618B0 /* YWJTabBar.m */; };
		CAE8F07D1CB94170005618B0 /* YWJTabBarButton.m in Sources */ = {isa = PBXBuildFile; fileRef = CAE8F0521CB94170005618B0 /* YWJTabBarButton.m */; };
		CAE8F0801CB94170005618B0 /* AppDelegate.m in Sources */ = {isa = PBXBuildFile; fileRef = CAE8F0611CB94170005618B0 /* AppDelegate.m */; };
		CAE8F0811CB94170005618B0 /* UIView+YWJFrame.m in Sources */ = {isa = PBXBuildFile; fileRef = CAE8F0641CB94170005618B0 /* UIView+YWJFrame.m */; };
		CAE8F0831CB94170005618B0 /* main.m in Sources */ = {isa = PBXBuildFile; fileRef = CAE8F0711CB94170005618B0 /* main.m */; };
		CAE8F0861CB9417F005618B0 /* Assets.xcassets in Resources */ = {isa = PBXBuildFile; fileRef = CAE8F0851CB9417F005618B0 /* Assets.xcassets */; };
		CAE8F08F1CB9459B005618B0 /* IOOrderedViewController.m in Sources */ = {isa = PBXBuildFile; fileRef = CAE8F08E1CB9459B005618B0 /* IOOrderedViewController.m */; };
		CAE8F0921CB9461C005618B0 /* IOProfileViewController.m in Sources */ = {isa = PBXBuildFile; fileRef = CAE8F0911CB9461C005618B0 /* IOProfileViewController.m */; };
		CAE8F0951CB946E8005618B0 /* IONavigationController.m in Sources */ = {isa = PBXBuildFile; fileRef = CAE8F0941CB946E8005618B0 /* IONavigationController.m */; };
		CAE8F0AF1CB9680B005618B0 /* IOTabBarController.m in Sources */ = {isa = PBXBuildFile; fileRef = CAE8F0AE1CB9680B005618B0 /* IOTabBarController.m */; };
/* End PBXBuildFile section */

/* Begin PBXContainerItemProxy section */
		CAE8F0281CB940E2005618B0 /* PBXContainerItemProxy */ = {
			isa = PBXContainerItemProxy;
			containerPortal = CAE8F0061CB940E2005618B0 /* Project object */;
			proxyType = 1;
			remoteGlobalIDString = CAE8F00D1CB940E2005618B0;
			remoteInfo = iOrder;
		};
		CAE8F0331CB940E2005618B0 /* PBXContainerItemProxy */ = {
			isa = PBXContainerItemProxy;
			containerPortal = CAE8F0061CB940E2005618B0 /* Project object */;
			proxyType = 1;
			remoteGlobalIDString = CAE8F00D1CB940E2005618B0;
			remoteInfo = iOrder;
		};
/* End PBXContainerItemProxy section */

/* Begin PBXFileReference section */
		9A8CC3241CDF779B005E19D9 /* IOTransmitters.h */ = {isa = PBXFileReference; fileEncoding = 4; lastKnownFileType = sourcecode.c.h; path = IOTransmitters.h; sourceTree = "<group>"; };
		9A8CC3251CDF779B005E19D9 /* IOTransmitters.m */ = {isa = PBXFileReference; fileEncoding = 4; lastKnownFileType = sourcecode.c.objc; path = IOTransmitters.m; sourceTree = "<group>"; };
		9A8CC32D1CE0AF84005E19D9 /* YWJHttpTool.h */ = {isa = PBXFileReference; fileEncoding = 4; lastKnownFileType = sourcecode.c.h; path = YWJHttpTool.h; sourceTree = "<group>"; };
		9A8CC32E1CE0AF84005E19D9 /* YWJHttpTool.m */ = {isa = PBXFileReference; fileEncoding = 4; lastKnownFileType = sourcecode.c.objc; path = YWJHttpTool.m; sourceTree = "<group>"; };
		9A8CC3301CE0AF84005E19D9 /* YWJVersionTool.h */ = {isa = PBXFileReference; fileEncoding = 4; lastKnownFileType = sourcecode.c.h; path = YWJVersionTool.h; sourceTree = "<group>"; };
		9A8CC3311CE0AF84005E19D9 /* YWJVersionTool.m */ = {isa = PBXFileReference; fileEncoding = 4; lastKnownFileType = sourcecode.c.objc; path = YWJVersionTool.m; sourceTree = "<group>"; };
		9A8CC3331CE0AF84005E19D9 /* YWJRootTool.h */ = {isa = PBXFileReference; fileEncoding = 4; lastKnownFileType = sourcecode.c.h; path = YWJRootTool.h; sourceTree = "<group>"; };
		9A8CC3341CE0AF84005E19D9 /* YWJRootTool.m */ = {isa = PBXFileReference; fileEncoding = 4; lastKnownFileType = sourcecode.c.objc; path = YWJRootTool.m; sourceTree = "<group>"; };
		9A8CC3371CE0AF84005E19D9 /* YWJShopsParam.h */ = {isa = PBXFileReference; fileEncoding = 4; lastKnownFileType = sourcecode.c.h; path = YWJShopsParam.h; sourceTree = "<group>"; };
		9A8CC3381CE0AF84005E19D9 /* YWJShopsParam.m */ = {isa = PBXFileReference; fileEncoding = 4; lastKnownFileType = sourcecode.c.objc; path = YWJShopsParam.m; sourceTree = "<group>"; };
		9A8CC33A1CE0AF84005E19D9 /* YWJShopsResult.h */ = {isa = PBXFileReference; fileEncoding = 4; lastKnownFileType = sourcecode.c.h; path = YWJShopsResult.h; sourceTree = "<group>"; };
		9A8CC33B1CE0AF84005E19D9 /* YWJShopsResult.m */ = {isa = PBXFileReference; fileEncoding = 4; lastKnownFileType = sourcecode.c.objc; path = YWJShopsResult.m; sourceTree = "<group>"; };
		9A8CC33C1CE0AF84005E19D9 /* YWJShopsTool.h */ = {isa = PBXFileReference; fileEncoding = 4; lastKnownFileType = sourcecode.c.h; path = YWJShopsTool.h; sourceTree = "<group>"; };
		9A8CC33D1CE0AF84005E19D9 /* YWJShopsTool.m */ = {isa = PBXFileReference; fileEncoding = 4; lastKnownFileType = sourcecode.c.objc; path = YWJShopsTool.m; sourceTree = "<group>"; };
		9A8CC3461CE0AFC7005E19D9 /* IODishViewController.h */ = {isa = PBXFileReference; fileEncoding = 4; lastKnownFileType = sourcecode.c.h; path = IODishViewController.h; sourceTree = "<group>"; };
		9A8CC3471CE0AFC7005E19D9 /* IODishViewController.m */ = {isa = PBXFileReference; fileEncoding = 4; lastKnownFileType = sourcecode.c.objc; path = IODishViewController.m; sourceTree = "<group>"; };
		9A8CC3481CE0AFC7005E19D9 /* IOHomeViewController.h */ = {isa = PBXFileReference; fileEncoding = 4; lastKnownFileType = sourcecode.c.h; path = IOHomeViewController.h; sourceTree = "<group>"; };
		9A8CC3491CE0AFC7005E19D9 /* IOHomeViewController.m */ = {isa = PBXFileReference; fileEncoding = 4; lastKnownFileType = sourcecode.c.objc; path = IOHomeViewController.m; sourceTree = "<group>"; };
		9A8CC34A1CE0AFC7005E19D9 /* IOShopViewController.h */ = {isa = PBXFileReference; fileEncoding = 4; lastKnownFileType = sourcecode.c.h; path = IOShopViewController.h; sourceTree = "<group>"; };
		9A8CC34B1CE0AFC7005E19D9 /* IOShopViewController.m */ = {isa = PBXFileReference; fileEncoding = 4; lastKnownFileType = sourcecode.c.objc; path = IOShopViewController.m; sourceTree = "<group>"; };
		9A8CC34D1CE0AFC7005E19D9 /* IODish.h */ = {isa = PBXFileReference; fileEncoding = 4; lastKnownFileType = sourcecode.c.h; path = IODish.h; sourceTree = "<group>"; };
		9A8CC34E1CE0AFC7005E19D9 /* IODish.m */ = {isa = PBXFileReference; fileEncoding = 4; lastKnownFileType = sourcecode.c.objc; path = IODish.m; sourceTree = "<group>"; };
		9A8CC34F1CE0AFC7005E19D9 /* IODishInfo.h */ = {isa = PBXFileReference; fileEncoding = 4; lastKnownFileType = sourcecode.c.h; path = IODishInfo.h; sourceTree = "<group>"; };
		9A8CC3501CE0AFC7005E19D9 /* IODishInfo.m */ = {isa = PBXFileReference; fileEncoding = 4; lastKnownFileType = sourcecode.c.objc; path = IODishInfo.m; sourceTree = "<group>"; };
		9A8CC3511CE0AFC7005E19D9 /* IOShop.h */ = {isa = PBXFileReference; fileEncoding = 4; lastKnownFileType = sourcecode.c.h; path = IOShop.h; sourceTree = "<group>"; };
		9A8CC3521CE0AFC7005E19D9 /* IOShop.m */ = {isa = PBXFileReference; fileEncoding = 4; lastKnownFileType = sourcecode.c.objc; path = IOShop.m; sourceTree = "<group>"; };
		9A8CC3561CE0AFC7005E19D9 /* IOBadgeView.h */ = {isa = PBXFileReference; fileEncoding = 4; lastKnownFileType = sourcecode.c.h; path = IOBadgeView.h; sourceTree = "<group>"; };
		9A8CC3571CE0AFC7005E19D9 /* IOBadgeView.m */ = {isa = PBXFileReference; fileEncoding = 4; lastKnownFileType = sourcecode.c.objc; path = IOBadgeView.m; sourceTree = "<group>"; };
		9A8CC3581CE0AFC7005E19D9 /* IOOrderHeaderView.h */ = {isa = PBXFileReference; fileEncoding = 4; lastKnownFileType = sourcecode.c.h; path = IOOrderHeaderView.h; sourceTree = "<group>"; };
		9A8CC3591CE0AFC7005E19D9 /* IOOrderHeaderView.m */ = {isa = PBXFileReference; fileEncoding = 4; lastKnownFileType = sourcecode.c.objc; path = IOOrderHeaderView.m; sourceTree = "<group>"; };
		9A8CC35A1CE0AFC7005E19D9 /* IOOrderShopMenuCell.h */ = {isa = PBXFileReference; fileEncoding = 4; lastKnownFileType = sourcecode.c.h; path = IOOrderShopMenuCell.h; sourceTree = "<group>"; };
		9A8CC35B1CE0AFC7005E19D9 /* IOOrderShopMenuCell.m */ = {isa = PBXFileReference; fileEncoding = 4; lastKnownFileType = sourcecode.c.objc; path = IOOrderShopMenuCell.m; sourceTree = "<group>"; };
		9A8CC35C1CE0AFC7005E19D9 /* IOOrderShopOptionCell.h */ = {isa = PBXFileReference; fileEncoding = 4; lastKnownFileType = sourcecode.c.h; path = IOOrderShopOptionCell.h; sourceTree = "<group>"; };
		9A8CC35D1CE0AFC7005E19D9 /* IOOrderShopOptionCell.m */ = {isa = PBXFileReference; fileEncoding = 4; lastKnownFileType = sourcecode.c.objc; path = IOOrderShopOptionCell.m; sourceTree = "<group>"; };
		9A8CC35E1CE0AFC7005E19D9 /* IOOrderShopStarView.h */ = {isa = PBXFileReference; fileEncoding = 4; lastKnownFileType = sourcecode.c.h; path = IOOrderShopStarView.h; sourceTree = "<group>"; };
		9A8CC35F1CE0AFC7005E19D9 /* IOOrderShopStarView.m */ = {isa = PBXFileReference; fileEncoding = 4; lastKnownFileType = sourcecode.c.objc; path = IOOrderShopStarView.m; sourceTree = "<group>"; };
		9A8CC3601CE0AFC7005E19D9 /* IOHomeViewCell.h */ = {isa = PBXFileReference; fileEncoding = 4; lastKnownFileType = sourcecode.c.h; path = IOHomeViewCell.h; sourceTree = "<group>"; };
		9A8CC3611CE0AFC7005E19D9 /* IOHomeViewCell.m */ = {isa = PBXFileReference; fileEncoding = 4; lastKnownFileType = sourcecode.c.objc; path = IOHomeViewCell.m; sourceTree = "<group>"; };
		9A8CC3621CE0AFC7005E19D9 /* IOScrollView.h */ = {isa = PBXFileReference; fileEncoding = 4; lastKnownFileType = sourcecode.c.h; path = IOScrollView.h; sourceTree = "<group>"; };
		9A8CC3631CE0AFC7005E19D9 /* IOScrollView.m */ = {isa = PBXFileReference; fileEncoding = 4; lastKnownFileType = sourcecode.c.objc; path = IOScrollView.m; sourceTree = "<group>"; };
		9A8CC3641CE0AFC7005E19D9 /* IOShoppingView.h */ = {isa = PBXFileReference; fileEncoding = 4; lastKnownFileType = sourcecode.c.h; path = IOShoppingView.h; sourceTree = "<group>"; };
		9A8CC3651CE0AFC7005E19D9 /* IOShoppingView.m */ = {isa = PBXFileReference; fileEncoding = 4; lastKnownFileType = sourcecode.c.objc; path = IOShoppingView.m; sourceTree = "<group>"; };
		9A8CC3661CE0AFC7005E19D9 /* IOSpecialView.h */ = {isa = PBXFileReference; fileEncoding = 4; lastKnownFileType = sourcecode.c.h; path = IOSpecialView.h; sourceTree = "<group>"; };
		9A8CC3671CE0AFC7005E19D9 /* IOSpecialView.m */ = {isa = PBXFileReference; fileEncoding = 4; lastKnownFileType = sourcecode.c.objc; path = IOSpecialView.m; sourceTree = "<group>"; };
		9A8CC3681CE0AFC7005E19D9 /* IOTitleView.h */ = {isa = PBXFileReference; fileEncoding = 4; lastKnownFileType = sourcecode.c.h; path = IOTitleView.h; sourceTree = "<group>"; };
		9A8CC3691CE0AFC7005E19D9 /* IOTitleView.m */ = {isa = PBXFileReference; fileEncoding = 4; lastKnownFileType = sourcecode.c.objc; path = IOTitleView.m; sourceTree = "<group>"; };
		9A8CC3801CE306B4005E19D9 /* IOOrderViewCell.h */ = {isa = PBXFileReference; fileEncoding = 4; lastKnownFileType = sourcecode.c.h; path = IOOrderViewCell.h; sourceTree = "<group>"; };
		9A8CC3811CE306B4005E19D9 /* IOOrderViewCell.m */ = {isa = PBXFileReference; fileEncoding = 4; lastKnownFileType = sourcecode.c.objc; path = IOOrderViewCell.m; sourceTree = "<group>"; };
		9A8CC3831CE3075E005E19D9 /* IOOrder.h */ = {isa = PBXFileReference; fileEncoding = 4; lastKnownFileType = sourcecode.c.h; path = IOOrder.h; sourceTree = "<group>"; };
		9A8CC3841CE3075E005E19D9 /* IOOrder.m */ = {isa = PBXFileReference; fileEncoding = 4; lastKnownFileType = sourcecode.c.objc; path = IOOrder.m; sourceTree = "<group>"; };
		AA08641E7F59BD859B41E36B /* libPods.a */ = {isa = PBXFileReference; explicitFileType = archive.ar; includeInIndex = 0; path = libPods.a; sourceTree = BUILT_PRODUCTS_DIR; };
		CA10A4961CC7B3B500131D56 /* Reveal.framework */ = {isa = PBXFileReference; lastKnownFileType = wrapper.framework; path = Reveal.framework; sourceTree = "<group>"; };
		CA6539541CBD40E6000972E2 /* IONewFeatureViewController.h */ = {isa = PBXFileReference; fileEncoding = 4; lastKnownFileType = sourcecode.c.h; path = IONewFeatureViewController.h; sourceTree = "<group>"; };
		CA6539551CBD40E6000972E2 /* IONewFeatureViewController.m */ = {isa = PBXFileReference; fileEncoding = 4; lastKnownFileType = sourcecode.c.objc; path = IONewFeatureViewController.m; sourceTree = "<group>"; };
		CA6539571CBD44CF000972E2 /* YWJNewFeatureScrollPage.h */ = {isa = PBXFileReference; fileEncoding = 4; lastKnownFileType = sourcecode.c.h; path = YWJNewFeatureScrollPage.h; sourceTree = "<group>"; };
		CA6539581CBD44CF000972E2 /* YWJNewFeatureScrollPage.m */ = {isa = PBXFileReference; fileEncoding = 4; lastKnownFileType = sourcecode.c.objc; path = YWJNewFeatureScrollPage.m; sourceTree = "<group>"; };
		CA90198A1CE16B7A00AC5712 /* YWJDishesParam.h */ = {isa = PBXFileReference; fileEncoding = 4; lastKnownFileType = sourcecode.c.h; path = YWJDishesParam.h; sourceTree = "<group>"; };
		CA90198B1CE16B7A00AC5712 /* YWJDishesParam.m */ = {isa = PBXFileReference; fileEncoding = 4; lastKnownFileType = sourcecode.c.objc; path = YWJDishesParam.m; sourceTree = "<group>"; };
		CA90198D1CE16B7A00AC5712 /* YWJDishesResult.h */ = {isa = PBXFileReference; fileEncoding = 4; lastKnownFileType = sourcecode.c.h; path = YWJDishesResult.h; sourceTree = "<group>"; };
		CA90198E1CE16B7A00AC5712 /* YWJDishesResult.m */ = {isa = PBXFileReference; fileEncoding = 4; lastKnownFileType = sourcecode.c.objc; path = YWJDishesResult.m; sourceTree = "<group>"; };
		CA90198F1CE16B7A00AC5712 /* YWJDishesTool.h */ = {isa = PBXFileReference; fileEncoding = 4; lastKnownFileType = sourcecode.c.h; path = YWJDishesTool.h; sourceTree = "<group>"; };
		CA9019901CE16B7A00AC5712 /* YWJDishesTool.m */ = {isa = PBXFileReference; fileEncoding = 4; lastKnownFileType = sourcecode.c.objc; path = YWJDishesTool.m; sourceTree = "<group>"; };
		CA9019941CE16C1200AC5712 /* IODishes.h */ = {isa = PBXFileReference; fileEncoding = 4; lastKnownFileType = sourcecode.c.h; path = IODishes.h; sourceTree = "<group>"; };
		CA9019951CE16C1200AC5712 /* IODishes.m */ = {isa = PBXFileReference; fileEncoding = 4; lastKnownFileType = sourcecode.c.objc; path = IODishes.m; sourceTree = "<group>"; };
		CAE8F00E1CB940E2005618B0 /* iOrder.app */ = {isa = PBXFileReference; explicitFileType = wrapper.application; includeInIndex = 0; path = iOrder.app; sourceTree = BUILT_PRODUCTS_DIR; };
		CAE8F0221CB940E2005618B0 /* Info.plist */ = {isa = PBXFileReference; lastKnownFileType = text.plist.xml; path = Info.plist; sourceTree = "<group>"; };
		CAE8F0271CB940E2005618B0 /* iOrderTests.xctest */ = {isa = PBXFileReference; explicitFileType = wrapper.cfbundle; includeInIndex = 0; path = iOrderTests.xctest; sourceTree = BUILT_PRODUCTS_DIR; };
		CAE8F02B1CB940E2005618B0 /* iOrderTests.m */ = {isa = PBXFileReference; lastKnownFileType = sourcecode.c.objc; path = iOrderTests.m; sourceTree = "<group>"; };
		CAE8F02D1CB940E2005618B0 /* Info.plist */ = {isa = PBXFileReference; lastKnownFileType = text.plist.xml; path = Info.plist; sourceTree = "<group>"; };
		CAE8F0321CB940E2005618B0 /* iOrderUITests.xctest */ = {isa = PBXFileReference; explicitFileType = wrapper.cfbundle; includeInIndex = 0; path = iOrderUITests.xctest; sourceTree = BUILT_PRODUCTS_DIR; };
		CAE8F0361CB940E2005618B0 /* iOrderUITests.m */ = {isa = PBXFileReference; lastKnownFileType = sourcecode.c.objc; path = iOrderUITests.m; sourceTree = "<group>"; };
		CAE8F0381CB940E2005618B0 /* Info.plist */ = {isa = PBXFileReference; lastKnownFileType = text.plist.xml; path = Info.plist; sourceTree = "<group>"; };
		CAE8F04D1CB94170005618B0 /* YWJBadgeView.h */ = {isa = PBXFileReference; fileEncoding = 4; lastKnownFileType = sourcecode.c.h; path = YWJBadgeView.h; sourceTree = "<group>"; };
		CAE8F04E1CB94170005618B0 /* YWJBadgeView.m */ = {isa = PBXFileReference; fileEncoding = 4; lastKnownFileType = sourcecode.c.objc; path = YWJBadgeView.m; sourceTree = "<group>"; };
		CAE8F04F1CB94170005618B0 /* YWJTabBar.h */ = {isa = PBXFileReference; fileEncoding = 4; lastKnownFileType = sourcecode.c.h; path = YWJTabBar.h; sourceTree = "<group>"; };
		CAE8F0501CB94170005618B0 /* YWJTabBar.m */ = {isa = PBXFileReference; fileEncoding = 4; lastKnownFileType = sourcecode.c.objc; path = YWJTabBar.m; sourceTree = "<group>"; };
		CAE8F0511CB94170005618B0 /* YWJTabBarButton.h */ = {isa = PBXFileReference; fileEncoding = 4; lastKnownFileType = sourcecode.c.h; path = YWJTabBarButton.h; sourceTree = "<group>"; };
		CAE8F0521CB94170005618B0 /* YWJTabBarButton.m */ = {isa = PBXFileReference; fileEncoding = 4; lastKnownFileType = sourcecode.c.objc; path = YWJTabBarButton.m; sourceTree = "<group>"; };
		CAE8F0601CB94170005618B0 /* AppDelegate.h */ = {isa = PBXFileReference; fileEncoding = 4; lastKnownFileType = sourcecode.c.h; path = AppDelegate.h; sourceTree = "<group>"; };
		CAE8F0611CB94170005618B0 /* AppDelegate.m */ = {isa = PBXFileReference; fileEncoding = 4; lastKnownFileType = sourcecode.c.objc; path = AppDelegate.m; sourceTree = "<group>"; };
		CAE8F0631CB94170005618B0 /* UIView+YWJFrame.h */ = {isa = PBXFileReference; fileEncoding = 4; lastKnownFileType = sourcecode.c.h; path = "UIView+YWJFrame.h"; sourceTree = "<group>"; };
		CAE8F0641CB94170005618B0 /* UIView+YWJFrame.m */ = {isa = PBXFileReference; fileEncoding = 4; lastKnownFileType = sourcecode.c.objc; path = "UIView+YWJFrame.m"; sourceTree = "<group>"; };
		CAE8F0711CB94170005618B0 /* main.m */ = {isa = PBXFileReference; fileEncoding = 4; lastKnownFileType = sourcecode.c.objc; path = main.m; sourceTree = "<group>"; };
		CAE8F0851CB9417F005618B0 /* Assets.xcassets */ = {isa = PBXFileReference; lastKnownFileType = folder.assetcatalog; path = Assets.xcassets; sourceTree = "<group>"; };
		CAE8F08D1CB9459B005618B0 /* IOOrderedViewController.h */ = {isa = PBXFileReference; fileEncoding = 4; lastKnownFileType = sourcecode.c.h; path = IOOrderedViewController.h; sourceTree = "<group>"; };
		CAE8F08E1CB9459B005618B0 /* IOOrderedViewController.m */ = {isa = PBXFileReference; fileEncoding = 4; lastKnownFileType = sourcecode.c.objc; path = IOOrderedViewController.m; sourceTree = "<group>"; };
		CAE8F0901CB9461C005618B0 /* IOProfileViewController.h */ = {isa = PBXFileReference; fileEncoding = 4; lastKnownFileType = sourcecode.c.h; path = IOProfileViewController.h; sourceTree = "<group>"; };
		CAE8F0911CB9461C005618B0 /* IOProfileViewController.m */ = {isa = PBXFileReference; fileEncoding = 4; lastKnownFileType = sourcecode.c.objc; path = IOProfileViewController.m; sourceTree = "<group>"; };
		CAE8F0931CB946E8005618B0 /* IONavigationController.h */ = {isa = PBXFileReference; fileEncoding = 4; lastKnownFileType = sourcecode.c.h; path = IONavigationController.h; sourceTree = "<group>"; };
		CAE8F0941CB946E8005618B0 /* IONavigationController.m */ = {isa = PBXFileReference; fileEncoding = 4; lastKnownFileType = sourcecode.c.objc; path = IONavigationController.m; sourceTree = "<group>"; };
		CAE8F0971CB947D7005618B0 /* IOIOrder.pch */ = {isa = PBXFileReference; lastKnownFileType = sourcecode.c.h; path = IOIOrder.pch; sourceTree = "<group>"; };
		CAE8F0AD1CB9680B005618B0 /* IOTabBarController.h */ = {isa = PBXFileReference; fileEncoding = 4; lastKnownFileType = sourcecode.c.h; path = IOTabBarController.h; sourceTree = "<group>"; };
		CAE8F0AE1CB9680B005618B0 /* IOTabBarController.m */ = {isa = PBXFileReference; fileEncoding = 4; lastKnownFileType = sourcecode.c.objc; path = IOTabBarController.m; sourceTree = "<group>"; };
		CD440F0C591F9F0ECB765D3A /* Pods.debug.xcconfig */ = {isa = PBXFileReference; includeInIndex = 1; lastKnownFileType = text.xcconfig; name = Pods.debug.xcconfig; path = "Pods/Target Support Files/Pods/Pods.debug.xcconfig"; sourceTree = "<group>"; };
		CD94856A0BB8EB254EBFD826 /* Pods.release.xcconfig */ = {isa = PBXFileReference; includeInIndex = 1; lastKnownFileType = text.xcconfig; name = Pods.release.xcconfig; path = "Pods/Target Support Files/Pods/Pods.release.xcconfig"; sourceTree = "<group>"; };
/* End PBXFileReference section */

/* Begin PBXFrameworksBuildPhase section */
		CAE8F00B1CB940E2005618B0 /* Frameworks */ = {
			isa = PBXFrameworksBuildPhase;
			buildActionMask = 2147483647;
			files = (
				0C39DD33B6D8ED391FA88ED5 /* libPods.a in Frameworks */,
			);
			runOnlyForDeploymentPostprocessing = 0;
		};
		CAE8F0241CB940E2005618B0 /* Frameworks */ = {
			isa = PBXFrameworksBuildPhase;
			buildActionMask = 2147483647;
			files = (
			);
			runOnlyForDeploymentPostprocessing = 0;
		};
		CAE8F02F1CB940E2005618B0 /* Frameworks */ = {
			isa = PBXFrameworksBuildPhase;
			buildActionMask = 2147483647;
			files = (
			);
			runOnlyForDeploymentPostprocessing = 0;
		};
/* End PBXFrameworksBuildPhase section */

/* Begin PBXGroup section */
		71C142701D6985C588AB91CD /* Pods */ = {
			isa = PBXGroup;
			children = (
				CD440F0C591F9F0ECB765D3A /* Pods.debug.xcconfig */,
				CD94856A0BB8EB254EBFD826 /* Pods.release.xcconfig */,
			);
			name = Pods;
			sourceTree = "<group>";
		};
		9A8CC3231CDF7788005E19D9 /* Model */ = {
			isa = PBXGroup;
			children = (
				9A8CC3241CDF779B005E19D9 /* IOTransmitters.h */,
				9A8CC3251CDF779B005E19D9 /* IOTransmitters.m */,
			);
			path = Model;
			sourceTree = "<group>";
		};
		9A8CC32B1CE0AF84005E19D9 /* Tool */ = {
			isa = PBXGroup;
			children = (
				CA9019881CE16B7A00AC5712 /* Dishes */,
				9A8CC32C1CE0AF84005E19D9 /* Http */,
				9A8CC32F1CE0AF84005E19D9 /* Preference */,
				9A8CC3321CE0AF84005E19D9 /* Root */,
				9A8CC3351CE0AF84005E19D9 /* Shops */,
			);
			path = Tool;
			sourceTree = "<group>";
		};
		9A8CC32C1CE0AF84005E19D9 /* Http */ = {
			isa = PBXGroup;
			children = (
				9A8CC32D1CE0AF84005E19D9 /* YWJHttpTool.h */,
				9A8CC32E1CE0AF84005E19D9 /* YWJHttpTool.m */,
			);
			path = Http;
			sourceTree = "<group>";
		};
		9A8CC32F1CE0AF84005E19D9 /* Preference */ = {
			isa = PBXGroup;
			children = (
				9A8CC3301CE0AF84005E19D9 /* YWJVersionTool.h */,
				9A8CC3311CE0AF84005E19D9 /* YWJVersionTool.m */,
			);
			path = Preference;
			sourceTree = "<group>";
		};
		9A8CC3321CE0AF84005E19D9 /* Root */ = {
			isa = PBXGroup;
			children = (
				9A8CC3331CE0AF84005E19D9 /* YWJRootTool.h */,
				9A8CC3341CE0AF84005E19D9 /* YWJRootTool.m */,
			);
			path = Root;
			sourceTree = "<group>";
		};
		9A8CC3351CE0AF84005E19D9 /* Shops */ = {
			isa = PBXGroup;
			children = (
				9A8CC3361CE0AF84005E19D9 /* Param */,
				9A8CC3391CE0AF84005E19D9 /* Result */,
				9A8CC33C1CE0AF84005E19D9 /* YWJShopsTool.h */,
				9A8CC33D1CE0AF84005E19D9 /* YWJShopsTool.m */,
			);
			path = Shops;
			sourceTree = "<group>";
		};
		9A8CC3361CE0AF84005E19D9 /* Param */ = {
			isa = PBXGroup;
			children = (
				9A8CC3371CE0AF84005E19D9 /* YWJShopsParam.h */,
				9A8CC3381CE0AF84005E19D9 /* YWJShopsParam.m */,
			);
			path = Param;
			sourceTree = "<group>";
		};
		9A8CC3391CE0AF84005E19D9 /* Result */ = {
			isa = PBXGroup;
			children = (
				9A8CC33A1CE0AF84005E19D9 /* YWJShopsResult.h */,
				9A8CC33B1CE0AF84005E19D9 /* YWJShopsResult.m */,
			);
			path = Result;
			sourceTree = "<group>";
		};
		9A8CC3441CE0AFC7005E19D9 /* Home */ = {
			isa = PBXGroup;
			children = (
				9A8CC3451CE0AFC7005E19D9 /* Controller */,
				9A8CC34C1CE0AFC7005E19D9 /* Model */,
				9A8CC3551CE0AFC7005E19D9 /* View */,
			);
			path = Home;
			sourceTree = "<group>";
		};
		9A8CC3451CE0AFC7005E19D9 /* Controller */ = {
			isa = PBXGroup;
			children = (
				9A8CC3461CE0AFC7005E19D9 /* IODishViewController.h */,
				9A8CC3471CE0AFC7005E19D9 /* IODishViewController.m */,
				9A8CC3481CE0AFC7005E19D9 /* IOHomeViewController.h */,
				9A8CC3491CE0AFC7005E19D9 /* IOHomeViewController.m */,
				9A8CC34A1CE0AFC7005E19D9 /* IOShopViewController.h */,
				9A8CC34B1CE0AFC7005E19D9 /* IOShopViewController.m */,
			);
			path = Controller;
			sourceTree = "<group>";
		};
		9A8CC34C1CE0AFC7005E19D9 /* Model */ = {
			isa = PBXGroup;
			children = (
				9A8CC34D1CE0AFC7005E19D9 /* IODish.h */,
				9A8CC34E1CE0AFC7005E19D9 /* IODish.m */,
				CA9019941CE16C1200AC5712 /* IODishes.h */,
				CA9019951CE16C1200AC5712 /* IODishes.m */,
				9A8CC34F1CE0AFC7005E19D9 /* IODishInfo.h */,
				9A8CC3501CE0AFC7005E19D9 /* IODishInfo.m */,
				9A8CC3511CE0AFC7005E19D9 /* IOShop.h */,
				9A8CC3521CE0AFC7005E19D9 /* IOShop.m */,
			);
			path = Model;
			sourceTree = "<group>";
		};
		9A8CC3551CE0AFC7005E19D9 /* View */ = {
			isa = PBXGroup;
			children = (
				9A8CC3561CE0AFC7005E19D9 /* IOBadgeView.h */,
				9A8CC3571CE0AFC7005E19D9 /* IOBadgeView.m */,
				9A8CC3581CE0AFC7005E19D9 /* IOOrderHeaderView.h */,
				9A8CC3591CE0AFC7005E19D9 /* IOOrderHeaderView.m */,
				9A8CC35A1CE0AFC7005E19D9 /* IOOrderShopMenuCell.h */,
				9A8CC35B1CE0AFC7005E19D9 /* IOOrderShopMenuCell.m */,
				9A8CC35C1CE0AFC7005E19D9 /* IOOrderShopOptionCell.h */,
				9A8CC35D1CE0AFC7005E19D9 /* IOOrderShopOptionCell.m */,
				9A8CC35E1CE0AFC7005E19D9 /* IOOrderShopStarView.h */,
				9A8CC35F1CE0AFC7005E19D9 /* IOOrderShopStarView.m */,
				9A8CC3601CE0AFC7005E19D9 /* IOHomeViewCell.h */,
				9A8CC3611CE0AFC7005E19D9 /* IOHomeViewCell.m */,
				9A8CC3621CE0AFC7005E19D9 /* IOScrollView.h */,
				9A8CC3631CE0AFC7005E19D9 /* IOScrollView.m */,
				9A8CC3641CE0AFC7005E19D9 /* IOShoppingView.h */,
				9A8CC3651CE0AFC7005E19D9 /* IOShoppingView.m */,
				9A8CC3661CE0AFC7005E19D9 /* IOSpecialView.h */,
				9A8CC3671CE0AFC7005E19D9 /* IOSpecialView.m */,
				9A8CC3681CE0AFC7005E19D9 /* IOTitleView.h */,
				9A8CC3691CE0AFC7005E19D9 /* IOTitleView.m */,
			);
			path = View;
			sourceTree = "<group>";
		};
		9A8CC37E1CE30698005E19D9 /* Model */ = {
			isa = PBXGroup;
			children = (
				9A8CC3831CE3075E005E19D9 /* IOOrder.h */,
				9A8CC3841CE3075E005E19D9 /* IOOrder.m */,
			);
			path = Model;
			sourceTree = "<group>";
		};
		9A8CC37F1CE306A0005E19D9 /* View */ = {
			isa = PBXGroup;
			children = (
				9A8CC3801CE306B4005E19D9 /* IOOrderViewCell.h */,
				9A8CC3811CE306B4005E19D9 /* IOOrderViewCell.m */,
			);
			path = View;
			sourceTree = "<group>";
		};
		AC53E7F2F1CB4D0E4F921365 /* Frameworks */ = {
			isa = PBXGroup;
			children = (
				CA10A4961CC7B3B500131D56 /* Reveal.framework */,
				AA08641E7F59BD859B41E36B /* libPods.a */,
			);
			name = Frameworks;
			sourceTree = "<group>";
		};
		CA9019881CE16B7A00AC5712 /* Dishes */ = {
			isa = PBXGroup;
			children = (
				CA9019891CE16B7A00AC5712 /* Param */,
				CA90198C1CE16B7A00AC5712 /* Result */,
				CA90198F1CE16B7A00AC5712 /* YWJDishesTool.h */,
				CA9019901CE16B7A00AC5712 /* YWJDishesTool.m */,
			);
			path = Dishes;
			sourceTree = "<group>";
		};
		CA9019891CE16B7A00AC5712 /* Param */ = {
			isa = PBXGroup;
			children = (
				CA90198A1CE16B7A00AC5712 /* YWJDishesParam.h */,
				CA90198B1CE16B7A00AC5712 /* YWJDishesParam.m */,
			);
			path = Param;
			sourceTree = "<group>";
		};
		CA90198C1CE16B7A00AC5712 /* Result */ = {
			isa = PBXGroup;
			children = (
				CA90198D1CE16B7A00AC5712 /* YWJDishesResult.h */,
				CA90198E1CE16B7A00AC5712 /* YWJDishesResult.m */,
			);
			path = Result;
			sourceTree = "<group>";
		};
		CADAA6BC1CBBC26100E601DC /* NewFeature */ = {
			isa = PBXGroup;
			children = (
				CADAA6BD1CBBC26100E601DC /* Controller */,
				CADAA6BE1CBBC26100E601DC /* Model */,
				CADAA6BF1CBBC26100E601DC /* View */,
			);
			path = NewFeature;
			sourceTree = "<group>";
		};
		CADAA6BD1CBBC26100E601DC /* Controller */ = {
			isa = PBXGroup;
			children = (
				CA6539541CBD40E6000972E2 /* IONewFeatureViewController.h */,
				CA6539551CBD40E6000972E2 /* IONewFeatureViewController.m */,
			);
			path = Controller;
			sourceTree = "<group>";
		};
		CADAA6BE1CBBC26100E601DC /* Model */ = {
			isa = PBXGroup;
			children = (
			);
			path = Model;
			sourceTree = "<group>";
		};
		CADAA6BF1CBBC26100E601DC /* View */ = {
			isa = PBXGroup;
			children = (
				CA6539571CBD44CF000972E2 /* YWJNewFeatureScrollPage.h */,
				CA6539581CBD44CF000972E2 /* YWJNewFeatureScrollPage.m */,
			);
			path = View;
			sourceTree = "<group>";
		};
		CAE8F0051CB940E2005618B0 = {
			isa = PBXGroup;
			children = (
				CAE8F0101CB940E2005618B0 /* iOrder */,
				CAE8F02A1CB940E2005618B0 /* iOrderTests */,
				CAE8F0351CB940E2005618B0 /* iOrderUITests */,
				CAE8F00F1CB940E2005618B0 /* Products */,
				71C142701D6985C588AB91CD /* Pods */,
				AC53E7F2F1CB4D0E4F921365 /* Frameworks */,
			);
			sourceTree = "<group>";
		};
		CAE8F00F1CB940E2005618B0 /* Products */ = {
			isa = PBXGroup;
			children = (
				CAE8F00E1CB940E2005618B0 /* iOrder.app */,
				CAE8F0271CB940E2005618B0 /* iOrderTests.xctest */,
				CAE8F0321CB940E2005618B0 /* iOrderUITests.xctest */,
			);
			name = Products;
			sourceTree = "<group>";
		};
		CAE8F0101CB940E2005618B0 /* iOrder */ = {
			isa = PBXGroup;
			children = (
				CAE8F0441CB94170005618B0 /* Classes */,
				CAE8F0111CB940E2005618B0 /* Supporting Files */,
				CAE8F0851CB9417F005618B0 /* Assets.xcassets */,
			);
			path = iOrder;
			sourceTree = "<group>";
		};
		CAE8F0111CB940E2005618B0 /* Supporting Files */ = {
			isa = PBXGroup;
			children = (
				CAE8F0221CB940E2005618B0 /* Info.plist */,
			);
			name = "Supporting Files";
			sourceTree = "<group>";
		};
		CAE8F02A1CB940E2005618B0 /* iOrderTests */ = {
			isa = PBXGroup;
			children = (
				CAE8F02B1CB940E2005618B0 /* iOrderTests.m */,
				CAE8F02D1CB940E2005618B0 /* Info.plist */,
			);
			path = iOrderTests;
			sourceTree = "<group>";
		};
		CAE8F0351CB940E2005618B0 /* iOrderUITests */ = {
			isa = PBXGroup;
			children = (
				CAE8F0361CB940E2005618B0 /* iOrderUITests.m */,
				CAE8F0381CB940E2005618B0 /* Info.plist */,
			);
			path = iOrderUITests;
			sourceTree = "<group>";
		};
		CAE8F0441CB94170005618B0 /* Classes */ = {
			isa = PBXGroup;
			children = (
				CADAA6BC1CBBC26100E601DC /* NewFeature */,
				CAE8F0451CB94170005618B0 /* Main */,
				9A8CC3441CE0AFC7005E19D9 /* Home */,
				CAE8F0591CB94170005618B0 /* Order */,
				CAE8F0731CB94170005618B0 /* Profile */,
				9A8CC32B1CE0AF84005E19D9 /* Tool */,
				CAE8F05F1CB94170005618B0 /* Other */,
			);
			path = Classes;
			sourceTree = "<group>";
		};
		CAE8F0451CB94170005618B0 /* Main */ = {
			isa = PBXGroup;
			children = (
				CAE8F0461CB94170005618B0 /* Controller */,
				9A8CC3231CDF7788005E19D9 /* Model */,
				CAE8F04C1CB94170005618B0 /* View */,
			);
			path = Main;
			sourceTree = "<group>";
		};
		CAE8F0461CB94170005618B0 /* Controller */ = {
			isa = PBXGroup;
			children = (
				CAE8F0931CB946E8005618B0 /* IONavigationController.h */,
				CAE8F0941CB946E8005618B0 /* IONavigationController.m */,
				CAE8F0AD1CB9680B005618B0 /* IOTabBarController.h */,
				CAE8F0AE1CB9680B005618B0 /* IOTabBarController.m */,
			);
			path = Controller;
			sourceTree = "<group>";
		};
		CAE8F04C1CB94170005618B0 /* View */ = {
			isa = PBXGroup;
			children = (
				CAE8F04D1CB94170005618B0 /* YWJBadgeView.h */,
				CAE8F04E1CB94170005618B0 /* YWJBadgeView.m */,
				CAE8F04F1CB94170005618B0 /* YWJTabBar.h */,
				CAE8F0501CB94170005618B0 /* YWJTabBar.m */,
				CAE8F0511CB94170005618B0 /* YWJTabBarButton.h */,
				CAE8F0521CB94170005618B0 /* YWJTabBarButton.m */,
			);
			path = View;
			sourceTree = "<group>";
		};
		CAE8F0591CB94170005618B0 /* Order */ = {
			isa = PBXGroup;
			children = (
				CAE8F05A1CB94170005618B0 /* Controller */,
				9A8CC37E1CE30698005E19D9 /* Model */,
				9A8CC37F1CE306A0005E19D9 /* View */,
			);
			name = Order;
			path = Ordered;
			sourceTree = "<group>";
		};
		CAE8F05A1CB94170005618B0 /* Controller */ = {
			isa = PBXGroup;
			children = (
				CAE8F08D1CB9459B005618B0 /* IOOrderedViewController.h */,
				CAE8F08E1CB9459B005618B0 /* IOOrderedViewController.m */,
			);
			path = Controller;
			sourceTree = "<group>";
		};
		CAE8F05F1CB94170005618B0 /* Other */ = {
			isa = PBXGroup;
			children = (
				CAE8F0621CB94170005618B0 /* Category */,
				CAE8F0601CB94170005618B0 /* AppDelegate.h */,
				CAE8F0611CB94170005618B0 /* AppDelegate.m */,
				CAE8F0711CB94170005618B0 /* main.m */,
				CAE8F0971CB947D7005618B0 /* IOIOrder.pch */,
			);
			path = Other;
			sourceTree = "<group>";
		};
		CAE8F0621CB94170005618B0 /* Category */ = {
			isa = PBXGroup;
			children = (
				CAE8F0631CB94170005618B0 /* UIView+YWJFrame.h */,
				CAE8F0641CB94170005618B0 /* UIView+YWJFrame.m */,
			);
			path = Category;
			sourceTree = "<group>";
		};
		CAE8F0731CB94170005618B0 /* Profile */ = {
			isa = PBXGroup;
			children = (
				CAE8F0741CB94170005618B0 /* Controller */,
				CAE8F0771CB94170005618B0 /* Model */,
				CAE8F0781CB94170005618B0 /* View */,
			);
			path = Profile;
			sourceTree = "<group>";
		};
		CAE8F0741CB94170005618B0 /* Controller */ = {
			isa = PBXGroup;
			children = (
				CAE8F0901CB9461C005618B0 /* IOProfileViewController.h */,
				CAE8F0911CB9461C005618B0 /* IOProfileViewController.m */,
			);
			path = Controller;
			sourceTree = "<group>";
		};
		CAE8F0771CB94170005618B0 /* Model */ = {
			isa = PBXGroup;
			children = (
			);
			path = Model;
			sourceTree = "<group>";
		};
		CAE8F0781CB94170005618B0 /* View */ = {
			isa = PBXGroup;
			children = (
			);
			path = View;
			sourceTree = "<group>";
		};
/* End PBXGroup section */

/* Begin PBXNativeTarget section */
		CAE8F00D1CB940E2005618B0 /* iOrder */ = {
			isa = PBXNativeTarget;
			buildConfigurationList = CAE8F03B1CB940E2005618B0 /* Build configuration list for PBXNativeTarget "iOrder" */;
			buildPhases = (
				11CE56D60DDED8D0E7D58377 /* Check Pods Manifest.lock */,
				CAE8F00A1CB940E2005618B0 /* Sources */,
				CAE8F00B1CB940E2005618B0 /* Frameworks */,
				CAE8F00C1CB940E2005618B0 /* Resources */,
				AF6DC4783BD80C3A613BB8C5 /* Embed Pods Frameworks */,
				119A797B832F53534C4D67CE /* Copy Pods Resources */,
			);
			buildRules = (
			);
			dependencies = (
			);
			name = iOrder;
			productName = iOrder;
			productReference = CAE8F00E1CB940E2005618B0 /* iOrder.app */;
			productType = "com.apple.product-type.application";
		};
		CAE8F0261CB940E2005618B0 /* iOrderTests */ = {
			isa = PBXNativeTarget;
			buildConfigurationList = CAE8F03E1CB940E2005618B0 /* Build configuration list for PBXNativeTarget "iOrderTests" */;
			buildPhases = (
				CAE8F0231CB940E2005618B0 /* Sources */,
				CAE8F0241CB940E2005618B0 /* Frameworks */,
				CAE8F0251CB940E2005618B0 /* Resources */,
			);
			buildRules = (
			);
			dependencies = (
				CAE8F0291CB940E2005618B0 /* PBXTargetDependency */,
			);
			name = iOrderTests;
			productName = iOrderTests;
			productReference = CAE8F0271CB940E2005618B0 /* iOrderTests.xctest */;
			productType = "com.apple.product-type.bundle.unit-test";
		};
		CAE8F0311CB940E2005618B0 /* iOrderUITests */ = {
			isa = PBXNativeTarget;
			buildConfigurationList = CAE8F0411CB940E2005618B0 /* Build configuration list for PBXNativeTarget "iOrderUITests" */;
			buildPhases = (
				CAE8F02E1CB940E2005618B0 /* Sources */,
				CAE8F02F1CB940E2005618B0 /* Frameworks */,
				CAE8F0301CB940E2005618B0 /* Resources */,
			);
			buildRules = (
			);
			dependencies = (
				CAE8F0341CB940E2005618B0 /* PBXTargetDependency */,
			);
			name = iOrderUITests;
			productName = iOrderUITests;
			productReference = CAE8F0321CB940E2005618B0 /* iOrderUITests.xctest */;
			productType = "com.apple.product-type.bundle.ui-testing";
		};
/* End PBXNativeTarget section */

/* Begin PBXProject section */
		CAE8F0061CB940E2005618B0 /* Project object */ = {
			isa = PBXProject;
			attributes = {
				CLASSPREFIX = IO;
				LastUpgradeCheck = 0700;
				ORGANIZATIONNAME = "易无解";
				TargetAttributes = {
					CAE8F00D1CB940E2005618B0 = {
						CreatedOnToolsVersion = 7.0.1;
						DevelopmentTeam = CQA977E7GY;
					};
					CAE8F0261CB940E2005618B0 = {
						CreatedOnToolsVersion = 7.0.1;
						TestTargetID = CAE8F00D1CB940E2005618B0;
					};
					CAE8F0311CB940E2005618B0 = {
						CreatedOnToolsVersion = 7.0.1;
						TestTargetID = CAE8F00D1CB940E2005618B0;
					};
				};
			};
			buildConfigurationList = CAE8F0091CB940E2005618B0 /* Build configuration list for PBXProject "iOrder" */;
			compatibilityVersion = "Xcode 3.2";
			developmentRegion = English;
			hasScannedForEncodings = 0;
			knownRegions = (
				en,
				Base,
			);
			mainGroup = CAE8F0051CB940E2005618B0;
			productRefGroup = CAE8F00F1CB940E2005618B0 /* Products */;
			projectDirPath = "";
			projectRoot = "";
			targets = (
				CAE8F00D1CB940E2005618B0 /* iOrder */,
				CAE8F0261CB940E2005618B0 /* iOrderTests */,
				CAE8F0311CB940E2005618B0 /* iOrderUITests */,
			);
		};
/* End PBXProject section */

/* Begin PBXResourcesBuildPhase section */
		CAE8F00C1CB940E2005618B0 /* Resources */ = {
			isa = PBXResourcesBuildPhase;
			buildActionMask = 2147483647;
			files = (
				CAE8F0861CB9417F005618B0 /* Assets.xcassets in Resources */,
			);
			runOnlyForDeploymentPostprocessing = 0;
		};
		CAE8F0251CB940E2005618B0 /* Resources */ = {
			isa = PBXResourcesBuildPhase;
			buildActionMask = 2147483647;
			files = (
			);
			runOnlyForDeploymentPostprocessing = 0;
		};
		CAE8F0301CB940E2005618B0 /* Resources */ = {
			isa = PBXResourcesBuildPhase;
			buildActionMask = 2147483647;
			files = (
			);
			runOnlyForDeploymentPostprocessing = 0;
		};
/* End PBXResourcesBuildPhase section */

/* Begin PBXShellScriptBuildPhase section */
		119A797B832F53534C4D67CE /* Copy Pods Resources */ = {
			isa = PBXShellScriptBuildPhase;
			buildActionMask = 2147483647;
			files = (
			);
			inputPaths = (
			);
			name = "Copy Pods Resources";
			outputPaths = (
			);
			runOnlyForDeploymentPostprocessing = 0;
			shellPath = /bin/sh;
			shellScript = "\"${SRCROOT}/Pods/Target Support Files/Pods/Pods-resources.sh\"\n";
			showEnvVarsInLog = 0;
		};
		11CE56D60DDED8D0E7D58377 /* Check Pods Manifest.lock */ = {
			isa = PBXShellScriptBuildPhase;
			buildActionMask = 2147483647;
			files = (
			);
			inputPaths = (
			);
			name = "Check Pods Manifest.lock";
			outputPaths = (
			);
			runOnlyForDeploymentPostprocessing = 0;
			shellPath = /bin/sh;
			shellScript = "diff \"${PODS_ROOT}/../Podfile.lock\" \"${PODS_ROOT}/Manifest.lock\" > /dev/null\nif [[ $? != 0 ]] ; then\n    cat << EOM\nerror: The sandbox is not in sync with the Podfile.lock. Run 'pod install' or update your CocoaPods installation.\nEOM\n    exit 1\nfi\n";
			showEnvVarsInLog = 0;
		};
		AF6DC4783BD80C3A613BB8C5 /* Embed Pods Frameworks */ = {
			isa = PBXShellScriptBuildPhase;
			buildActionMask = 2147483647;
			files = (
			);
			inputPaths = (
			);
			name = "Embed Pods Frameworks";
			outputPaths = (
			);
			runOnlyForDeploymentPostprocessing = 0;
			shellPath = /bin/sh;
			shellScript = "\"${SRCROOT}/Pods/Target Support Files/Pods/Pods-frameworks.sh\"\n";
			showEnvVarsInLog = 0;
		};
/* End PBXShellScriptBuildPhase section */

/* Begin PBXSourcesBuildPhase section */
		CAE8F00A1CB940E2005618B0 /* Sources */ = {
			isa = PBXSourcesBuildPhase;
			buildActionMask = 2147483647;
			files = (
				CA9019911CE16B7A00AC5712 /* YWJDishesParam.m in Sources */,
				CAE8F0831CB94170005618B0 /* main.m in Sources */,
				9A8CC3261CDF779B005E19D9 /* IOTransmitters.m in Sources */,
				CAE8F0811CB94170005618B0 /* UIView+YWJFrame.m in Sources */,
				9A8CC36F1CE0AFC7005E19D9 /* IOShop.m in Sources */,
				9A8CC36E1CE0AFC7005E19D9 /* IODishInfo.m in Sources */,
				9A8CC3411CE0AF84005E19D9 /* YWJShopsParam.m in Sources */,
				9A8CC3751CE0AFC7005E19D9 /* IOOrderShopStarView.m in Sources */,
				9A8CC3711CE0AFC7005E19D9 /* IOBadgeView.m in Sources */,
				CA9019921CE16B7A00AC5712 /* YWJDishesResult.m in Sources */,
				CA6539591CBD44CF000972E2 /* YWJNewFeatureScrollPage.m in Sources */,
				9A8CC3821CE306B4005E19D9 /* IOOrderViewCell.m in Sources */,
				9A8CC33E1CE0AF84005E19D9 /* YWJHttpTool.m in Sources */,
				9A8CC3431CE0AF84005E19D9 /* YWJShopsTool.m in Sources */,
				CAE8F0921CB9461C005618B0 /* IOProfileViewController.m in Sources */,
				CAE8F08F1CB9459B005618B0 /* IOOrderedViewController.m in Sources */,
				9A8CC3741CE0AFC7005E19D9 /* IOOrderShopOptionCell.m in Sources */,
				CAE8F07C1CB94170005618B0 /* YWJTabBar.m in Sources */,
				9A8CC3721CE0AFC7005E19D9 /* IOOrderHeaderView.m in Sources */,
				CAE8F07B1CB94170005618B0 /* YWJBadgeView.m in Sources */,
				9A8CC33F1CE0AF84005E19D9 /* YWJVersionTool.m in Sources */,
				9A8CC3421CE0AF84005E19D9 /* YWJShopsResult.m in Sources */,
				9A8CC36D1CE0AFC7005E19D9 /* IODish.m in Sources */,
				CAE8F0951CB946E8005618B0 /* IONavigationController.m in Sources */,
				9A8CC36C1CE0AFC7005E19D9 /* IOShopViewController.m in Sources */,
				CA9019961CE16C1200AC5712 /* IODishes.m in Sources */,
				9A8CC3851CE3075E005E19D9 /* IOOrder.m in Sources */,
				CAE8F07D1CB94170005618B0 /* YWJTabBarButton.m in Sources */,
				9A8CC3791CE0AFC7005E19D9 /* IOSpecialView.m in Sources */,
				9A8CC37A1CE0AFC7005E19D9 /* IOTitleView.m in Sources */,
				9A8CC3781CE0AFC7005E19D9 /* IOShoppingView.m in Sources */,
				CAE8F0801CB94170005618B0 /* AppDelegate.m in Sources */,
				CA9019931CE16B7A00AC5712 /* YWJDishesTool.m in Sources */,
				9A8CC36A1CE0AFC7005E19D9 /* IODishViewController.m in Sources */,
				9A8CC3731CE0AFC7005E19D9 /* IOOrderShopMenuCell.m in Sources */,
				9A8CC3761CE0AFC7005E19D9 /* IOHomeViewCell.m in Sources */,
				9A8CC3401CE0AF84005E19D9 /* YWJRootTool.m in Sources */,
				CA6539561CBD40E6000972E2 /* IONewFeatureViewController.m in Sources */,
				9A8CC36B1CE0AFC7005E19D9 /* IOHomeViewController.m in Sources */,
				9A8CC3771CE0AFC7005E19D9 /* IOScrollView.m in Sources */,
				CAE8F0AF1CB9680B005618B0 /* IOTabBarController.m in Sources */,
			);
			runOnlyForDeploymentPostprocessing = 0;
		};
		CAE8F0231CB940E2005618B0 /* Sources */ = {
			isa = PBXSourcesBuildPhase;
			buildActionMask = 2147483647;
			files = (
				CAE8F02C1CB940E2005618B0 /* iOrderTests.m in Sources */,
			);
			runOnlyForDeploymentPostprocessing = 0;
		};
		CAE8F02E1CB940E2005618B0 /* Sources */ = {
			isa = PBXSourcesBuildPhase;
			buildActionMask = 2147483647;
			files = (
				CAE8F0371CB940E2005618B0 /* iOrderUITests.m in Sources */,
			);
			runOnlyForDeploymentPostprocessing = 0;
		};
/* End PBXSourcesBuildPhase section */

/* Begin PBXTargetDependency section */
		CAE8F0291CB940E2005618B0 /* PBXTargetDependency */ = {
			isa = PBXTargetDependency;
			target = CAE8F00D1CB940E2005618B0 /* iOrder */;
			targetProxy = CAE8F0281CB940E2005618B0 /* PBXContainerItemProxy */;
		};
		CAE8F0341CB940E2005618B0 /* PBXTargetDependency */ = {
			isa = PBXTargetDependency;
			target = CAE8F00D1CB940E2005618B0 /* iOrder */;
			targetProxy = CAE8F0331CB940E2005618B0 /* PBXContainerItemProxy */;
		};
/* End PBXTargetDependency section */

/* Begin XCBuildConfiguration section */
		CAE8F0391CB940E2005618B0 /* Debug */ = {
			isa = XCBuildConfiguration;
			buildSettings = {
				ALWAYS_SEARCH_USER_PATHS = NO;
				CLANG_CXX_LANGUAGE_STANDARD = "gnu++0x";
				CLANG_CXX_LIBRARY = "libc++";
				CLANG_ENABLE_MODULES = YES;
				CLANG_ENABLE_OBJC_ARC = YES;
				CLANG_WARN_BOOL_CONVERSION = YES;
				CLANG_WARN_CONSTANT_CONVERSION = YES;
				CLANG_WARN_DIRECT_OBJC_ISA_USAGE = YES_ERROR;
				CLANG_WARN_EMPTY_BODY = YES;
				CLANG_WARN_ENUM_CONVERSION = YES;
				CLANG_WARN_INT_CONVERSION = YES;
				CLANG_WARN_OBJC_ROOT_CLASS = YES_ERROR;
				CLANG_WARN_UNREACHABLE_CODE = YES;
				CLANG_WARN__DUPLICATE_METHOD_MATCH = YES;
				"CODE_SIGN_IDENTITY[sdk=iphoneos*]" = "iPhone Developer";
				COPY_PHASE_STRIP = NO;
				DEBUG_INFORMATION_FORMAT = dwarf;
				ENABLE_STRICT_OBJC_MSGSEND = YES;
				ENABLE_TESTABILITY = YES;
				GCC_C_LANGUAGE_STANDARD = gnu99;
				GCC_DYNAMIC_NO_PIC = NO;
				GCC_NO_COMMON_BLOCKS = YES;
				GCC_OPTIMIZATION_LEVEL = 0;
				GCC_PREPROCESSOR_DEFINITIONS = (
					"DEBUG=1",
					"$(inherited)",
				);
				GCC_WARN_64_TO_32_BIT_CONVERSION = YES;
				GCC_WARN_ABOUT_RETURN_TYPE = YES_ERROR;
				GCC_WARN_UNDECLARED_SELECTOR = YES;
				GCC_WARN_UNINITIALIZED_AUTOS = YES_AGGRESSIVE;
				GCC_WARN_UNUSED_FUNCTION = YES;
				GCC_WARN_UNUSED_VARIABLE = YES;
				IPHONEOS_DEPLOYMENT_TARGET = 9.0;
				MTL_ENABLE_DEBUG_INFO = YES;
				ONLY_ACTIVE_ARCH = YES;
				SDKROOT = iphoneos;
			};
			name = Debug;
		};
		CAE8F03A1CB940E2005618B0 /* Release */ = {
			isa = XCBuildConfiguration;
			buildSettings = {
				ALWAYS_SEARCH_USER_PATHS = NO;
				CLANG_CXX_LANGUAGE_STANDARD = "gnu++0x";
				CLANG_CXX_LIBRARY = "libc++";
				CLANG_ENABLE_MODULES = YES;
				CLANG_ENABLE_OBJC_ARC = YES;
				CLANG_WARN_BOOL_CONVERSION = YES;
				CLANG_WARN_CONSTANT_CONVERSION = YES;
				CLANG_WARN_DIRECT_OBJC_ISA_USAGE = YES_ERROR;
				CLANG_WARN_EMPTY_BODY = YES;
				CLANG_WARN_ENUM_CONVERSION = YES;
				CLANG_WARN_INT_CONVERSION = YES;
				CLANG_WARN_OBJC_ROOT_CLASS = YES_ERROR;
				CLANG_WARN_UNREACHABLE_CODE = YES;
				CLANG_WARN__DUPLICATE_METHOD_MATCH = YES;
				"CODE_SIGN_IDENTITY[sdk=iphoneos*]" = "iPhone Developer";
				COPY_PHASE_STRIP = NO;
				DEBUG_INFORMATION_FORMAT = "dwarf-with-dsym";
				ENABLE_NS_ASSERTIONS = NO;
				ENABLE_STRICT_OBJC_MSGSEND = YES;
				GCC_C_LANGUAGE_STANDARD = gnu99;
				GCC_NO_COMMON_BLOCKS = YES;
				GCC_WARN_64_TO_32_BIT_CONVERSION = YES;
				GCC_WARN_ABOUT_RETURN_TYPE = YES_ERROR;
				GCC_WARN_UNDECLARED_SELECTOR = YES;
				GCC_WARN_UNINITIALIZED_AUTOS = YES_AGGRESSIVE;
				GCC_WARN_UNUSED_FUNCTION = YES;
				GCC_WARN_UNUSED_VARIABLE = YES;
				IPHONEOS_DEPLOYMENT_TARGET = 9.0;
				MTL_ENABLE_DEBUG_INFO = NO;
				SDKROOT = iphoneos;
				VALIDATE_PRODUCT = YES;
			};
			name = Release;
		};
		CAE8F03C1CB940E2005618B0 /* Debug */ = {
			isa = XCBuildConfiguration;
			baseConfigurationReference = CD440F0C591F9F0ECB765D3A /* Pods.debug.xcconfig */;
			buildSettings = {
				ASSETCATALOG_COMPILER_APPICON_NAME = AppIcon;
				ASSETCATALOG_COMPILER_LAUNCHIMAGE_NAME = LaunchImage;
				CODE_SIGN_IDENTITY = "iPhone Developer";
				FRAMEWORK_SEARCH_PATHS = (
					"$(inherited)",
					"$(PROJECT_DIR)",
				);
				GCC_PREFIX_HEADER = iOrder/Classes/Other/IOIOrder.pch;
				HEADER_SEARCH_PATHS = /Users/yiwujie/Github/iOrder/iOrder/iOrder/iOrder/Classes/Other/Lib/AprilSDK/Headers;
				INFOPLIST_FILE = iOrder/Info.plist;
				IPHONEOS_DEPLOYMENT_TARGET = 8.0;
				LD_RUNPATH_SEARCH_PATHS = "$(inherited) @executable_path/Frameworks";
				LIBRARY_SEARCH_PATHS = (
					"$(inherited)",
					"$(PROJECT_DIR)/iOrder/Classes/Other/Lib/AprilSDK",
				);
				OTHER_LDFLAGS = (
					"$(inherited)",
					"-ObjC",
					"-all_load",
					"-l\"AprilBeaconSDK\"",
					"-l\"RDVTabBarController\"",
					"-l\"z\"",
					"-framework",
					"\"CFNetwork\"",
					"-framework",
					"\"CoreGraphics\"",
					"-framework",
					"\"Foundation\"",
					"-framework",
					"\"QuartzCore\"",
					"-framework",
					"\"Reveal\"",
					"-framework",
					"\"UIKit\"",
					"-ObjC",
					"-lz",
					"-framework",
					Reveal,
				);
				PRODUCT_BUNDLE_IDENTIFIER = cn.net.normcore.iOrder;
				PRODUCT_NAME = "$(TARGET_NAME)";
				USER_HEADER_SEARCH_PATHS = "${SRCROOT}/**";
			};
			name = Debug;
		};
		CAE8F03D1CB940E2005618B0 /* Release */ = {
			isa = XCBuildConfiguration;
			baseConfigurationReference = CD94856A0BB8EB254EBFD826 /* Pods.release.xcconfig */;
			buildSettings = {
				ASSETCATALOG_COMPILER_APPICON_NAME = AppIcon;
				ASSETCATALOG_COMPILER_LAUNCHIMAGE_NAME = LaunchImage;
				CODE_SIGN_IDENTITY = "iPhone Developer";
				FRAMEWORK_SEARCH_PATHS = (
					"$(inherited)",
					"$(PROJECT_DIR)",
				);
				GCC_PREFIX_HEADER = iOrder/Classes/Other/IOIOrder.pch;
				HEADER_SEARCH_PATHS = /Users/yiwujie/Github/iOrder/iOrder/iOrder/iOrder/Classes/Other/Lib/AprilSDK/Headers;
				INFOPLIST_FILE = iOrder/Info.plist;
				IPHONEOS_DEPLOYMENT_TARGET = 8.0;
				LD_RUNPATH_SEARCH_PATHS = "$(inherited) @executable_path/Frameworks";
				LIBRARY_SEARCH_PATHS = (
					"$(inherited)",
					"$(PROJECT_DIR)/iOrder/Classes/Other/Lib/AprilSDK",
				);
				OTHER_LDFLAGS = (
					"$(inherited)",
					"-ObjC",
					"-all_load",
					"-l\"AprilBeaconSDK\"",
					"-l\"RDVTabBarController\"",
					"-l\"z\"",
					"-framework",
					"\"CFNetwork\"",
					"-framework",
					"\"CoreGraphics\"",
					"-framework",
					"\"Foundation\"",
					"-framework",
					"\"QuartzCore\"",
					"-framework",
					"\"Reveal\"",
					"-framework",
					"\"UIKit\"",
					"-ObjC",
					"-lz",
					"-framework",
					Reveal,
				);
				PRODUCT_BUNDLE_IDENTIFIER = cn.net.normcore.iOrder;
				PRODUCT_NAME = "$(TARGET_NAME)";
				USER_HEADER_SEARCH_PATHS = "${SRCROOT}/**";
			};
			name = Release;
		};
		CAE8F03F1CB940E2005618B0 /* Debug */ = {
			isa = XCBuildConfiguration;
			buildSettings = {
				BUNDLE_LOADER = "$(TEST_HOST)";
				INFOPLIST_FILE = iOrderTests/Info.plist;
				LD_RUNPATH_SEARCH_PATHS = "$(inherited) @executable_path/Frameworks @loader_path/Frameworks";
				PRODUCT_BUNDLE_IDENTIFIER = yiwujie.iOrderTests;
				PRODUCT_NAME = "$(TARGET_NAME)";
				TEST_HOST = "$(BUILT_PRODUCTS_DIR)/iOrder.app/iOrder";
			};
			name = Debug;
		};
		CAE8F0401CB940E2005618B0 /* Release */ = {
			isa = XCBuildConfiguration;
			buildSettings = {
				BUNDLE_LOADER = "$(TEST_HOST)";
				INFOPLIST_FILE = iOrderTests/Info.plist;
				LD_RUNPATH_SEARCH_PATHS = "$(inherited) @executable_path/Frameworks @loader_path/Frameworks";
				PRODUCT_BUNDLE_IDENTIFIER = yiwujie.iOrderTests;
				PRODUCT_NAME = "$(TARGET_NAME)";
				TEST_HOST = "$(BUILT_PRODUCTS_DIR)/iOrder.app/iOrder";
			};
			name = Release;
		};
		CAE8F0421CB940E2005618B0 /* Debug */ = {
			isa = XCBuildConfiguration;
			buildSettings = {
				INFOPLIST_FILE = iOrderUITests/Info.plist;
				LD_RUNPATH_SEARCH_PATHS = "$(inherited) @executable_path/Frameworks @loader_path/Frameworks";
				PRODUCT_BUNDLE_IDENTIFIER = yiwujie.iOrderUITests;
				PRODUCT_NAME = "$(TARGET_NAME)";
				TEST_TARGET_NAME = iOrder;
				USES_XCTRUNNER = YES;
			};
			name = Debug;
		};
		CAE8F0431CB940E2005618B0 /* Release */ = {
			isa = XCBuildConfiguration;
			buildSettings = {
				INFOPLIST_FILE = iOrderUITests/Info.plist;
				LD_RUNPATH_SEARCH_PATHS = "$(inherited) @executable_path/Frameworks @loader_path/Frameworks";
				PRODUCT_BUNDLE_IDENTIFIER = yiwujie.iOrderUITests;
				PRODUCT_NAME = "$(TARGET_NAME)";
				TEST_TARGET_NAME = iOrder;
				USES_XCTRUNNER = YES;
			};
			name = Release;
		};
/* End XCBuildConfiguration section */

/* Begin XCConfigurationList section */
		CAE8F0091CB940E2005618B0 /* Build configuration list for PBXProject "iOrder" */ = {
			isa = XCConfigurationList;
			buildConfigurations = (
				CAE8F0391CB940E2005618B0 /* Debug */,
				CAE8F03A1CB940E2005618B0 /* Release */,
			);
			defaultConfigurationIsVisible = 0;
			defaultConfigurationName = Release;
		};
		CAE8F03B1CB940E2005618B0 /* Build configuration list for PBXNativeTarget "iOrder" */ = {
			isa = XCConfigurationList;
			buildConfigurations = (
				CAE8F03C1CB940E2005618B0 /* Debug */,
				CAE8F03D1CB940E2005618B0 /* Release */,
			);
			defaultConfigurationIsVisible = 0;
			defaultConfigurationName = Release;
		};
		CAE8F03E1CB940E2005618B0 /* Build configuration list for PBXNativeTarget "iOrderTests" */ = {
			isa = XCConfigurationList;
			buildConfigurations = (
				CAE8F03F1CB940E2005618B0 /* Debug */,
				CAE8F0401CB940E2005618B0 /* Release */,
			);
			defaultConfigurationIsVisible = 0;
			defaultConfigurationName = Release;
		};
		CAE8F0411CB940E2005618B0 /* Build configuration list for PBXNativeTarget "iOrderUITests" */ = {
			isa = XCConfigurationList;
			buildConfigurations = (
				CAE8F0421CB940E2005618B0 /* Debug */,
				CAE8F0431CB940E2005618B0 /* Release */,
			);
			defaultConfigurationIsVisible = 0;
			defaultConfigurationName = Release;
		};
/* End XCConfigurationList section */
	};
	rootObject = CAE8F0061CB940E2005618B0 /* Project object */;
}
