// !$*UTF8*$!
{
	archiveVersion = 1;
	classes = {
	};
	objectVersion = 46;
	objects = {

/* Begin PBXBuildFile section */
		9A1BFDC31E6EA8DE00A0007F /* IONewFeatureViewController.m in Sources */ = {isa = PBXBuildFile; fileRef = 9A1BFD521E6EA8DE00A0007F /* IONewFeatureViewController.m */; };
		9A1BFDC41E6EA8DE00A0007F /* YWJNewFeatureScrollPage.m in Sources */ = {isa = PBXBuildFile; fileRef = 9A1BFD551E6EA8DE00A0007F /* YWJNewFeatureScrollPage.m */; };
		9A1BFDC51E6EA8DE00A0007F /* IODishViewController.m in Sources */ = {isa = PBXBuildFile; fileRef = 9A1BFD5A1E6EA8DE00A0007F /* IODishViewController.m */; };
		9A1BFDC61E6EA8DE00A0007F /* IOHomeViewController.m in Sources */ = {isa = PBXBuildFile; fileRef = 9A1BFD5C1E6EA8DE00A0007F /* IOHomeViewController.m */; };
		9A1BFDC71E6EA8DE00A0007F /* IOShopViewController.m in Sources */ = {isa = PBXBuildFile; fileRef = 9A1BFD5E1E6EA8DE00A0007F /* IOShopViewController.m */; };
		9A1BFDC81E6EA8DE00A0007F /* IOSingInViewController.m in Sources */ = {isa = PBXBuildFile; fileRef = 9A1BFD601E6EA8DE00A0007F /* IOSingInViewController.m */; };
		9A1BFDC91E6EA8DE00A0007F /* IOSubmitViewController.m in Sources */ = {isa = PBXBuildFile; fileRef = 9A1BFD621E6EA8DE00A0007F /* IOSubmitViewController.m */; };
		9A1BFDCA1E6EA8DE00A0007F /* IODishInfo.m in Sources */ = {isa = PBXBuildFile; fileRef = 9A1BFD651E6EA8DE00A0007F /* IODishInfo.m */; };
		9A1BFDCB1E6EA8DE00A0007F /* IOShop.m in Sources */ = {isa = PBXBuildFile; fileRef = 9A1BFD671E6EA8DE00A0007F /* IOShop.m */; };
		9A1BFDCC1E6EA8DE00A0007F /* IOShopDetailCellInfo.m in Sources */ = {isa = PBXBuildFile; fileRef = 9A1BFD691E6EA8DE00A0007F /* IOShopDetailCellInfo.m */; };
		9A1BFDCD1E6EA8DE00A0007F /* IOShoppingCartInfo.m in Sources */ = {isa = PBXBuildFile; fileRef = 9A1BFD6B1E6EA8DE00A0007F /* IOShoppingCartInfo.m */; };
		9A1BFDCE1E6EA8DE00A0007F /* IOShoppingViewInfo.m in Sources */ = {isa = PBXBuildFile; fileRef = 9A1BFD6D1E6EA8DE00A0007F /* IOShoppingViewInfo.m */; };
		9A1BFDCF1E6EA8DE00A0007F /* IOHomeCell.m in Sources */ = {isa = PBXBuildFile; fileRef = 9A1BFD701E6EA8DE00A0007F /* IOHomeCell.m */; };
		9A1BFDD01E6EA8DE00A0007F /* IOHomeHeaderView.m in Sources */ = {isa = PBXBuildFile; fileRef = 9A1BFD721E6EA8DE00A0007F /* IOHomeHeaderView.m */; };
		9A1BFDD11E6EA8DE00A0007F /* IOSegmentScrollView.m in Sources */ = {isa = PBXBuildFile; fileRef = 9A1BFD741E6EA8DE00A0007F /* IOSegmentScrollView.m */; };
		9A1BFDD21E6EA8DE00A0007F /* IOShopCell.m in Sources */ = {isa = PBXBuildFile; fileRef = 9A1BFD761E6EA8DE00A0007F /* IOShopCell.m */; };
		9A1BFDD31E6EA8DE00A0007F /* IOShopDetail.m in Sources */ = {isa = PBXBuildFile; fileRef = 9A1BFD781E6EA8DE00A0007F /* IOShopDetail.m */; };
		9A1BFDD41E6EA8DE00A0007F /* IOShopEvaluate.m in Sources */ = {isa = PBXBuildFile; fileRef = 9A1BFD7A1E6EA8DE00A0007F /* IOShopEvaluate.m */; };
		9A1BFDD51E6EA8DE00A0007F /* IOShopHeaderView.m in Sources */ = {isa = PBXBuildFile; fileRef = 9A1BFD7C1E6EA8DE00A0007F /* IOShopHeaderView.m */; };
		9A1BFDD61E6EA8DE00A0007F /* IOShoppingCartView.m in Sources */ = {isa = PBXBuildFile; fileRef = 9A1BFD7E1E6EA8DE00A0007F /* IOShoppingCartView.m */; };
		9A1BFDD71E6EA8DE00A0007F /* IOSignInFooterView.m in Sources */ = {isa = PBXBuildFile; fileRef = 9A1BFD801E6EA8DE00A0007F /* IOSignInFooterView.m */; };
		9A1BFDD81E6EA8DE00A0007F /* IOSignInHeaderView.m in Sources */ = {isa = PBXBuildFile; fileRef = 9A1BFD821E6EA8DE00A0007F /* IOSignInHeaderView.m */; };
		9A1BFDD91E6EA8DE00A0007F /* IOSubmitCell.m in Sources */ = {isa = PBXBuildFile; fileRef = 9A1BFD841E6EA8DE00A0007F /* IOSubmitCell.m */; };
		9A1BFDDA1E6EA8DE00A0007F /* IOSubmitOrderView.m in Sources */ = {isa = PBXBuildFile; fileRef = 9A1BFD861E6EA8DE00A0007F /* IOSubmitOrderView.m */; };
		9A1BFDDB1E6EA8DE00A0007F /* YWJDoubleTableView.m in Sources */ = {isa = PBXBuildFile; fileRef = 9A1BFD881E6EA8DE00A0007F /* YWJDoubleTableView.m */; };
		9A1BFDDD1E6EA8DE00A0007F /* IONavigationController.m in Sources */ = {isa = PBXBuildFile; fileRef = 9A1BFD8E1E6EA8DE00A0007F /* IONavigationController.m */; };
		9A1BFDDF1E6EA8DE00A0007F /* IOTabBarController.m in Sources */ = {isa = PBXBuildFile; fileRef = 9A1BFD921E6EA8DE00A0007F /* IOTabBarController.m */; };
		9A1BFDE01E6EA8DE00A0007F /* IOTransmitters.m in Sources */ = {isa = PBXBuildFile; fileRef = 9A1BFD951E6EA8DE00A0007F /* IOTransmitters.m */; };
		9A1BFDE11E6EA8DE00A0007F /* IOUser.m in Sources */ = {isa = PBXBuildFile; fileRef = 9A1BFD971E6EA8DE00A0007F /* IOUser.m */; };
		9A1BFDE41E6EA8DE00A0007F /* YWJBadgeView.m in Sources */ = {isa = PBXBuildFile; fileRef = 9A1BFD9E1E6EA8DE00A0007F /* YWJBadgeView.m */; };
		9A1BFDE51E6EA8DE00A0007F /* YWJTabBar.m in Sources */ = {isa = PBXBuildFile; fileRef = 9A1BFDA01E6EA8DE00A0007F /* YWJTabBar.m */; };
		9A1BFDE61E6EA8DE00A0007F /* YWJTabBarButton.m in Sources */ = {isa = PBXBuildFile; fileRef = 9A1BFDA21E6EA8DE00A0007F /* YWJTabBarButton.m */; };
		9A1BFDE71E6EA8DE00A0007F /* IOOrderedViewController.m in Sources */ = {isa = PBXBuildFile; fileRef = 9A1BFDA61E6EA8DE00A0007F /* IOOrderedViewController.m */; };
		9A1BFDE81E6EA8DE00A0007F /* IOOrder.m in Sources */ = {isa = PBXBuildFile; fileRef = 9A1BFDA91E6EA8DE00A0007F /* IOOrder.m */; };
		9A1BFDE91E6EA8DE00A0007F /* IOOrderViewCell.m in Sources */ = {isa = PBXBuildFile; fileRef = 9A1BFDAC1E6EA8DE00A0007F /* IOOrderViewCell.m */; };
		9A1BFDEA1E6EA8DE00A0007F /* IOProfileMyCollectController.m in Sources */ = {isa = PBXBuildFile; fileRef = 9A1BFDB01E6EA8DE00A0007F /* IOProfileMyCollectController.m */; };
		9A1BFDEB1E6EA8DE00A0007F /* IOProfileMyCouponController.m in Sources */ = {isa = PBXBuildFile; fileRef = 9A1BFDB21E6EA8DE00A0007F /* IOProfileMyCouponController.m */; };
		9A1BFDEC1E6EA8DE00A0007F /* IOProfileMyEvaluateController.m in Sources */ = {isa = PBXBuildFile; fileRef = 9A1BFDB41E6EA8DE00A0007F /* IOProfileMyEvaluateController.m */; };
		9A1BFDED1E6EA8DE00A0007F /* IOProfileMyPointController.m in Sources */ = {isa = PBXBuildFile; fileRef = 9A1BFDB61E6EA8DE00A0007F /* IOProfileMyPointController.m */; };
		9A1BFDEE1E6EA8DE00A0007F /* IOProfileViewController.m in Sources */ = {isa = PBXBuildFile; fileRef = 9A1BFDB81E6EA8DE00A0007F /* IOProfileViewController.m */; };
		9A1BFDEF1E6EA8DE00A0007F /* IOUserInfo.m in Sources */ = {isa = PBXBuildFile; fileRef = 9A1BFDBB1E6EA8DE00A0007F /* IOUserInfo.m */; };
		9A1BFDF01E6EA8DE00A0007F /* IOProfileCell.m in Sources */ = {isa = PBXBuildFile; fileRef = 9A1BFDBE1E6EA8DE00A0007F /* IOProfileCell.m */; };
		9A1BFDF11E6EA8DE00A0007F /* IOProfileHeaderView.m in Sources */ = {isa = PBXBuildFile; fileRef = 9A1BFDC01E6EA8DE00A0007F /* IOProfileHeaderView.m */; };
		9A1BFDF21E6EA8DE00A0007F /* IOProfileMyCollectView.m in Sources */ = {isa = PBXBuildFile; fileRef = 9A1BFDC21E6EA8DE00A0007F /* IOProfileMyCollectView.m */; };
		9A1BFDFA1E6EA98100A0007F /* IOLoginViewController.m in Sources */ = {isa = PBXBuildFile; fileRef = 9A1BFDF71E6EA98100A0007F /* IOLoginViewController.m */; };
		9A1BFDFB1E6EA98100A0007F /* IORegisterViewController.m in Sources */ = {isa = PBXBuildFile; fileRef = 9A1BFDF91E6EA98100A0007F /* IORegisterViewController.m */; };
		9A1BFE001E6EA99B00A0007F /* IOLoginView.m in Sources */ = {isa = PBXBuildFile; fileRef = 9A1BFDFD1E6EA99B00A0007F /* IOLoginView.m */; };
		9A1BFE011E6EA99B00A0007F /* IORegisterView.m in Sources */ = {isa = PBXBuildFile; fileRef = 9A1BFDFF1E6EA99B00A0007F /* IORegisterView.m */; };
		9A1BFE471E6EAA1800A0007F /* YWJCacheTool.m in Sources */ = {isa = PBXBuildFile; fileRef = 9A1BFE051E6EAA1800A0007F /* YWJCacheTool.m */; };
		9A1BFE481E6EAA1800A0007F /* YWJDishesParam.m in Sources */ = {isa = PBXBuildFile; fileRef = 9A1BFE091E6EAA1800A0007F /* YWJDishesParam.m */; };
		9A1BFE491E6EAA1800A0007F /* YWJDishesResult.m in Sources */ = {isa = PBXBuildFile; fileRef = 9A1BFE0C1E6EAA1800A0007F /* YWJDishesResult.m */; };
		9A1BFE4A1E6EAA1800A0007F /* YWJDishesTool.m in Sources */ = {isa = PBXBuildFile; fileRef = 9A1BFE0E1E6EAA1800A0007F /* YWJDishesTool.m */; };
		9A1BFE4B1E6EAA1800A0007F /* IOHttpTool.m in Sources */ = {isa = PBXBuildFile; fileRef = 9A1BFE111E6EAA1800A0007F /* IOHttpTool.m */; };
		9A1BFE4C1E6EAA1800A0007F /* YWJLoginParam.m in Sources */ = {isa = PBXBuildFile; fileRef = 9A1BFE151E6EAA1800A0007F /* YWJLoginParam.m */; };
		9A1BFE4D1E6EAA1800A0007F /* YWJLoginResult.m in Sources */ = {isa = PBXBuildFile; fileRef = 9A1BFE181E6EAA1800A0007F /* YWJLoginResult.m */; };
		9A1BFE4E1E6EAA1800A0007F /* YWJLoginTool.m in Sources */ = {isa = PBXBuildFile; fileRef = 9A1BFE1A1E6EAA1800A0007F /* YWJLoginTool.m */; };
		9A1BFE4F1E6EAA1800A0007F /* IOOrdersTool.m in Sources */ = {isa = PBXBuildFile; fileRef = 9A1BFE1D1E6EAA1800A0007F /* IOOrdersTool.m */; };
		9A1BFE501E6EAA1800A0007F /* IOOrdersParam.m in Sources */ = {isa = PBXBuildFile; fileRef = 9A1BFE201E6EAA1800A0007F /* IOOrdersParam.m */; };
		9A1BFE511E6EAA1800A0007F /* IOOrderResult.m in Sources */ = {isa = PBXBuildFile; fileRef = 9A1BFE231E6EAA1800A0007F /* IOOrderResult.m */; };
		9A1BFE521E6EAA1800A0007F /* YWJVersionTool.m in Sources */ = {isa = PBXBuildFile; fileRef = 9A1BFE261E6EAA1800A0007F /* YWJVersionTool.m */; };
		9A1BFE531E6EAA1800A0007F /* YWJRootNavigationViewController.m in Sources */ = {isa = PBXBuildFile; fileRef = 9A1BFE2A1E6EAA1800A0007F /* YWJRootNavigationViewController.m */; };
		9A1BFE541E6EAA1800A0007F /* YWJRootTool.m in Sources */ = {isa = PBXBuildFile; fileRef = 9A1BFE2C1E6EAA1800A0007F /* YWJRootTool.m */; };
		9A1BFE551E6EAA1800A0007F /* YWJShoppingCartInfoParam.m in Sources */ = {isa = PBXBuildFile; fileRef = 9A1BFE301E6EAA1800A0007F /* YWJShoppingCartInfoParam.m */; };
		9A1BFE561E6EAA1800A0007F /* YWJShoppingCartParam.m in Sources */ = {isa = PBXBuildFile; fileRef = 9A1BFE321E6EAA1800A0007F /* YWJShoppingCartParam.m */; };
		9A1BFE571E6EAA1800A0007F /* YWJShoppingCartInfoResult.m in Sources */ = {isa = PBXBuildFile; fileRef = 9A1BFE351E6EAA1800A0007F /* YWJShoppingCartInfoResult.m */; };
		9A1BFE581E6EAA1800A0007F /* YWJShoppingCartTool.m in Sources */ = {isa = PBXBuildFile; fileRef = 9A1BFE371E6EAA1800A0007F /* YWJShoppingCartTool.m */; };
		9A1BFE591E6EAA1800A0007F /* YWJShopsParam.m in Sources */ = {isa = PBXBuildFile; fileRef = 9A1BFE3B1E6EAA1800A0007F /* YWJShopsParam.m */; };
		9A1BFE5A1E6EAA1800A0007F /* YWJShopsResult.m in Sources */ = {isa = PBXBuildFile; fileRef = 9A1BFE3E1E6EAA1800A0007F /* YWJShopsResult.m */; };
		9A1BFE5B1E6EAA1800A0007F /* YWJShopsTool.m in Sources */ = {isa = PBXBuildFile; fileRef = 9A1BFE401E6EAA1800A0007F /* YWJShopsTool.m */; };
		9A1BFE5C1E6EAA1800A0007F /* YWJSubmitOrderParam.m in Sources */ = {isa = PBXBuildFile; fileRef = 9A1BFE441E6EAA1800A0007F /* YWJSubmitOrderParam.m */; };
		9A1BFE5D1E6EAA1800A0007F /* YWJSubmitOrderTool.m in Sources */ = {isa = PBXBuildFile; fileRef = 9A1BFE461E6EAA1800A0007F /* YWJSubmitOrderTool.m */; };
		9A1BFE611E6EACE200A0007F /* IOGlobalManager.m in Sources */ = {isa = PBXBuildFile; fileRef = 9A1BFE601E6EACE200A0007F /* IOGlobalManager.m */; };
		9AC08D701E39F3C600D728AD /* main.m in Sources */ = {isa = PBXBuildFile; fileRef = 9AC08D6F1E39F3C600D728AD /* main.m */; };
		9AC08D791E39F4E200D728AD /* AppDelegate.m in Sources */ = {isa = PBXBuildFile; fileRef = 9AC08D741E39F4E200D728AD /* AppDelegate.m */; };
		CA41C87A1D2BF0C90092921E /* UIView+Masonry_YWJ.m in Sources */ = {isa = PBXBuildFile; fileRef = CA41C8791D2BF0C90092921E /* UIView+Masonry_YWJ.m */; };
		CA7069CB1CE5F564007C5F3F /* UIBarButtonItem+IOBarButtonItem.m in Sources */ = {isa = PBXBuildFile; fileRef = CA7069CA1CE5F564007C5F3F /* UIBarButtonItem+IOBarButtonItem.m */; };
		CAE8F02C1CB940E2005618B0 /* iOrderTests.m in Sources */ = {isa = PBXBuildFile; fileRef = CAE8F02B1CB940E2005618B0 /* iOrderTests.m */; };
		CAE8F0371CB940E2005618B0 /* iOrderUITests.m in Sources */ = {isa = PBXBuildFile; fileRef = CAE8F0361CB940E2005618B0 /* iOrderUITests.m */; };
		CAE8F0811CB94170005618B0 /* UIView+YWJFrame.m in Sources */ = {isa = PBXBuildFile; fileRef = CAE8F0641CB94170005618B0 /* UIView+YWJFrame.m */; };
		CAE8F0861CB9417F005618B0 /* Assets.xcassets in Resources */ = {isa = PBXBuildFile; fileRef = CAE8F0851CB9417F005618B0 /* Assets.xcassets */; };
		CFEA7B973FA4FE6762466625 /* libPods-iOrder.a in Frameworks */ = {isa = PBXBuildFile; fileRef = 565EF0A881111C2576CC81D4 /* libPods-iOrder.a */; };
/* End PBXBuildFile section */

/* Begin PBXContainerItemProxy section */
		CAE8F0281CB940E2005618B0 /* PBXContainerItemProxy */ = {
			isa = PBXContainerItemProxy;
			containerPortal = CAE8F0061CB940E2005618B0 /* Project object */;
			proxyType = 1;
			remoteGlobalIDString = CAE8F00D1CB940E2005618B0;
			remoteInfo = iOrder;
		};
		CAE8F0331CB940E2005618B0 /* PBXContainerItemProxy */ = {
			isa = PBXContainerItemProxy;
			containerPortal = CAE8F0061CB940E2005618B0 /* Project object */;
			proxyType = 1;
			remoteGlobalIDString = CAE8F00D1CB940E2005618B0;
			remoteInfo = iOrder;
		};
/* End PBXContainerItemProxy section */

/* Begin PBXFileReference section */
		3A6A169DE0BA56711B632DC4 /* Pods-iOrder.release.xcconfig */ = {isa = PBXFileReference; includeInIndex = 1; lastKnownFileType = text.xcconfig; name = "Pods-iOrder.release.xcconfig"; path = "Pods/Target Support Files/Pods-iOrder/Pods-iOrder.release.xcconfig"; sourceTree = "<group>"; };
		565EF0A881111C2576CC81D4 /* libPods-iOrder.a */ = {isa = PBXFileReference; explicitFileType = archive.ar; includeInIndex = 0; path = "libPods-iOrder.a"; sourceTree = BUILT_PRODUCTS_DIR; };
		9A1BFD511E6EA8DE00A0007F /* IONewFeatureViewController.h */ = {isa = PBXFileReference; fileEncoding = 4; lastKnownFileType = sourcecode.c.h; path = IONewFeatureViewController.h; sourceTree = "<group>"; };
		9A1BFD521E6EA8DE00A0007F /* IONewFeatureViewController.m */ = {isa = PBXFileReference; fileEncoding = 4; lastKnownFileType = sourcecode.c.objc; path = IONewFeatureViewController.m; sourceTree = "<group>"; };
		9A1BFD541E6EA8DE00A0007F /* YWJNewFeatureScrollPage.h */ = {isa = PBXFileReference; fileEncoding = 4; lastKnownFileType = sourcecode.c.h; path = YWJNewFeatureScrollPage.h; sourceTree = "<group>"; };
		9A1BFD551E6EA8DE00A0007F /* YWJNewFeatureScrollPage.m */ = {isa = PBXFileReference; fileEncoding = 4; lastKnownFileType = sourcecode.c.objc; path = YWJNewFeatureScrollPage.m; sourceTree = "<group>"; };
		9A1BFD591E6EA8DE00A0007F /* IODishViewController.h */ = {isa = PBXFileReference; fileEncoding = 4; lastKnownFileType = sourcecode.c.h; path = IODishViewController.h; sourceTree = "<group>"; };
		9A1BFD5A1E6EA8DE00A0007F /* IODishViewController.m */ = {isa = PBXFileReference; fileEncoding = 4; lastKnownFileType = sourcecode.c.objc; path = IODishViewController.m; sourceTree = "<group>"; };
		9A1BFD5B1E6EA8DE00A0007F /* IOHomeViewController.h */ = {isa = PBXFileReference; fileEncoding = 4; lastKnownFileType = sourcecode.c.h; path = IOHomeViewController.h; sourceTree = "<group>"; };
		9A1BFD5C1E6EA8DE00A0007F /* IOHomeViewController.m */ = {isa = PBXFileReference; fileEncoding = 4; lastKnownFileType = sourcecode.c.objc; path = IOHomeViewController.m; sourceTree = "<group>"; };
		9A1BFD5D1E6EA8DE00A0007F /* IOShopViewController.h */ = {isa = PBXFileReference; fileEncoding = 4; lastKnownFileType = sourcecode.c.h; path = IOShopViewController.h; sourceTree = "<group>"; };
		9A1BFD5E1E6EA8DE00A0007F /* IOShopViewController.m */ = {isa = PBXFileReference; fileEncoding = 4; lastKnownFileType = sourcecode.c.objc; path = IOShopViewController.m; sourceTree = "<group>"; };
		9A1BFD5F1E6EA8DE00A0007F /* IOSingInViewController.h */ = {isa = PBXFileReference; fileEncoding = 4; lastKnownFileType = sourcecode.c.h; path = IOSingInViewController.h; sourceTree = "<group>"; };
		9A1BFD601E6EA8DE00A0007F /* IOSingInViewController.m */ = {isa = PBXFileReference; fileEncoding = 4; lastKnownFileType = sourcecode.c.objc; path = IOSingInViewController.m; sourceTree = "<group>"; };
		9A1BFD611E6EA8DE00A0007F /* IOSubmitViewController.h */ = {isa = PBXFileReference; fileEncoding = 4; lastKnownFileType = sourcecode.c.h; path = IOSubmitViewController.h; sourceTree = "<group>"; };
		9A1BFD621E6EA8DE00A0007F /* IOSubmitViewController.m */ = {isa = PBXFileReference; fileEncoding = 4; lastKnownFileType = sourcecode.c.objc; path = IOSubmitViewController.m; sourceTree = "<group>"; };
		9A1BFD641E6EA8DE00A0007F /* IODishInfo.h */ = {isa = PBXFileReference; fileEncoding = 4; lastKnownFileType = sourcecode.c.h; path = IODishInfo.h; sourceTree = "<group>"; };
		9A1BFD651E6EA8DE00A0007F /* IODishInfo.m */ = {isa = PBXFileReference; fileEncoding = 4; lastKnownFileType = sourcecode.c.objc; path = IODishInfo.m; sourceTree = "<group>"; };
		9A1BFD661E6EA8DE00A0007F /* IOShop.h */ = {isa = PBXFileReference; fileEncoding = 4; lastKnownFileType = sourcecode.c.h; path = IOShop.h; sourceTree = "<group>"; };
		9A1BFD671E6EA8DE00A0007F /* IOShop.m */ = {isa = PBXFileReference; fileEncoding = 4; lastKnownFileType = sourcecode.c.objc; path = IOShop.m; sourceTree = "<group>"; };
		9A1BFD681E6EA8DE00A0007F /* IOShopDetailCellInfo.h */ = {isa = PBXFileReference; fileEncoding = 4; lastKnownFileType = sourcecode.c.h; path = IOShopDetailCellInfo.h; sourceTree = "<group>"; };
		9A1BFD691E6EA8DE00A0007F /* IOShopDetailCellInfo.m */ = {isa = PBXFileReference; fileEncoding = 4; lastKnownFileType = sourcecode.c.objc; path = IOShopDetailCellInfo.m; sourceTree = "<group>"; };
		9A1BFD6A1E6EA8DE00A0007F /* IOShoppingCartInfo.h */ = {isa = PBXFileReference; fileEncoding = 4; lastKnownFileType = sourcecode.c.h; path = IOShoppingCartInfo.h; sourceTree = "<group>"; };
		9A1BFD6B1E6EA8DE00A0007F /* IOShoppingCartInfo.m */ = {isa = PBXFileReference; fileEncoding = 4; lastKnownFileType = sourcecode.c.objc; path = IOShoppingCartInfo.m; sourceTree = "<group>"; };
		9A1BFD6C1E6EA8DE00A0007F /* IOShoppingViewInfo.h */ = {isa = PBXFileReference; fileEncoding = 4; lastKnownFileType = sourcecode.c.h; path = IOShoppingViewInfo.h; sourceTree = "<group>"; };
		9A1BFD6D1E6EA8DE00A0007F /* IOShoppingViewInfo.m */ = {isa = PBXFileReference; fileEncoding = 4; lastKnownFileType = sourcecode.c.objc; path = IOShoppingViewInfo.m; sourceTree = "<group>"; };
		9A1BFD6F1E6EA8DE00A0007F /* IOHomeCell.h */ = {isa = PBXFileReference; fileEncoding = 4; lastKnownFileType = sourcecode.c.h; path = IOHomeCell.h; sourceTree = "<group>"; };
		9A1BFD701E6EA8DE00A0007F /* IOHomeCell.m */ = {isa = PBXFileReference; fileEncoding = 4; lastKnownFileType = sourcecode.c.objc; path = IOHomeCell.m; sourceTree = "<group>"; };
		9A1BFD711E6EA8DE00A0007F /* IOHomeHeaderView.h */ = {isa = PBXFileReference; fileEncoding = 4; lastKnownFileType = sourcecode.c.h; path = IOHomeHeaderView.h; sourceTree = "<group>"; };
		9A1BFD721E6EA8DE00A0007F /* IOHomeHeaderView.m */ = {isa = PBXFileReference; fileEncoding = 4; lastKnownFileType = sourcecode.c.objc; path = IOHomeHeaderView.m; sourceTree = "<group>"; };
		9A1BFD731E6EA8DE00A0007F /* IOSegmentScrollView.h */ = {isa = PBXFileReference; fileEncoding = 4; lastKnownFileType = sourcecode.c.h; path = IOSegmentScrollView.h; sourceTree = "<group>"; };
		9A1BFD741E6EA8DE00A0007F /* IOSegmentScrollView.m */ = {isa = PBXFileReference; fileEncoding = 4; lastKnownFileType = sourcecode.c.objc; path = IOSegmentScrollView.m; sourceTree = "<group>"; };
		9A1BFD751E6EA8DE00A0007F /* IOShopCell.h */ = {isa = PBXFileReference; fileEncoding = 4; lastKnownFileType = sourcecode.c.h; path = IOShopCell.h; sourceTree = "<group>"; };
		9A1BFD761E6EA8DE00A0007F /* IOShopCell.m */ = {isa = PBXFileReference; fileEncoding = 4; lastKnownFileType = sourcecode.c.objc; path = IOShopCell.m; sourceTree = "<group>"; };
		9A1BFD771E6EA8DE00A0007F /* IOShopDetail.h */ = {isa = PBXFileReference; fileEncoding = 4; lastKnownFileType = sourcecode.c.h; path = IOShopDetail.h; sourceTree = "<group>"; };
		9A1BFD781E6EA8DE00A0007F /* IOShopDetail.m */ = {isa = PBXFileReference; fileEncoding = 4; lastKnownFileType = sourcecode.c.objc; path = IOShopDetail.m; sourceTree = "<group>"; };
		9A1BFD791E6EA8DE00A0007F /* IOShopEvaluate.h */ = {isa = PBXFileReference; fileEncoding = 4; lastKnownFileType = sourcecode.c.h; path = IOShopEvaluate.h; sourceTree = "<group>"; };
		9A1BFD7A1E6EA8DE00A0007F /* IOShopEvaluate.m */ = {isa = PBXFileReference; fileEncoding = 4; lastKnownFileType = sourcecode.c.objc; path = IOShopEvaluate.m; sourceTree = "<group>"; };
		9A1BFD7B1E6EA8DE00A0007F /* IOShopHeaderView.h */ = {isa = PBXFileReference; fileEncoding = 4; lastKnownFileType = sourcecode.c.h; path = IOShopHeaderView.h; sourceTree = "<group>"; };
		9A1BFD7C1E6EA8DE00A0007F /* IOShopHeaderView.m */ = {isa = PBXFileReference; fileEncoding = 4; lastKnownFileType = sourcecode.c.objc; path = IOShopHeaderView.m; sourceTree = "<group>"; };
		9A1BFD7D1E6EA8DE00A0007F /* IOShoppingCartView.h */ = {isa = PBXFileReference; fileEncoding = 4; lastKnownFileType = sourcecode.c.h; path = IOShoppingCartView.h; sourceTree = "<group>"; };
		9A1BFD7E1E6EA8DE00A0007F /* IOShoppingCartView.m */ = {isa = PBXFileReference; fileEncoding = 4; lastKnownFileType = sourcecode.c.objc; path = IOShoppingCartView.m; sourceTree = "<group>"; };
		9A1BFD7F1E6EA8DE00A0007F /* IOSignInFooterView.h */ = {isa = PBXFileReference; fileEncoding = 4; lastKnownFileType = sourcecode.c.h; path = IOSignInFooterView.h; sourceTree = "<group>"; };
		9A1BFD801E6EA8DE00A0007F /* IOSignInFooterView.m */ = {isa = PBXFileReference; fileEncoding = 4; lastKnownFileType = sourcecode.c.objc; path = IOSignInFooterView.m; sourceTree = "<group>"; };
		9A1BFD811E6EA8DE00A0007F /* IOSignInHeaderView.h */ = {isa = PBXFileReference; fileEncoding = 4; lastKnownFileType = sourcecode.c.h; path = IOSignInHeaderView.h; sourceTree = "<group>"; };
		9A1BFD821E6EA8DE00A0007F /* IOSignInHeaderView.m */ = {isa = PBXFileReference; fileEncoding = 4; lastKnownFileType = sourcecode.c.objc; path = IOSignInHeaderView.m; sourceTree = "<group>"; };
		9A1BFD831E6EA8DE00A0007F /* IOSubmitCell.h */ = {isa = PBXFileReference; fileEncoding = 4; lastKnownFileType = sourcecode.c.h; path = IOSubmitCell.h; sourceTree = "<group>"; };
		9A1BFD841E6EA8DE00A0007F /* IOSubmitCell.m */ = {isa = PBXFileReference; fileEncoding = 4; lastKnownFileType = sourcecode.c.objc; path = IOSubmitCell.m; sourceTree = "<group>"; };
		9A1BFD851E6EA8DE00A0007F /* IOSubmitOrderView.h */ = {isa = PBXFileReference; fileEncoding = 4; lastKnownFileType = sourcecode.c.h; path = IOSubmitOrderView.h; sourceTree = "<group>"; };
		9A1BFD861E6EA8DE00A0007F /* IOSubmitOrderView.m */ = {isa = PBXFileReference; fileEncoding = 4; lastKnownFileType = sourcecode.c.objc; path = IOSubmitOrderView.m; sourceTree = "<group>"; };
		9A1BFD871E6EA8DE00A0007F /* YWJDoubleTableView.h */ = {isa = PBXFileReference; fileEncoding = 4; lastKnownFileType = sourcecode.c.h; path = YWJDoubleTableView.h; sourceTree = "<group>"; };
		9A1BFD881E6EA8DE00A0007F /* YWJDoubleTableView.m */ = {isa = PBXFileReference; fileEncoding = 4; lastKnownFileType = sourcecode.c.objc; path = YWJDoubleTableView.m; sourceTree = "<group>"; };
		9A1BFD8D1E6EA8DE00A0007F /* IONavigationController.h */ = {isa = PBXFileReference; fileEncoding = 4; lastKnownFileType = sourcecode.c.h; path = IONavigationController.h; sourceTree = "<group>"; };
		9A1BFD8E1E6EA8DE00A0007F /* IONavigationController.m */ = {isa = PBXFileReference; fileEncoding = 4; lastKnownFileType = sourcecode.c.objc; path = IONavigationController.m; sourceTree = "<group>"; };
		9A1BFD911E6EA8DE00A0007F /* IOTabBarController.h */ = {isa = PBXFileReference; fileEncoding = 4; lastKnownFileType = sourcecode.c.h; path = IOTabBarController.h; sourceTree = "<group>"; };
		9A1BFD921E6EA8DE00A0007F /* IOTabBarController.m */ = {isa = PBXFileReference; fileEncoding = 4; lastKnownFileType = sourcecode.c.objc; path = IOTabBarController.m; sourceTree = "<group>"; };
		9A1BFD941E6EA8DE00A0007F /* IOTransmitters.h */ = {isa = PBXFileReference; fileEncoding = 4; lastKnownFileType = sourcecode.c.h; path = IOTransmitters.h; sourceTree = "<group>"; };
		9A1BFD951E6EA8DE00A0007F /* IOTransmitters.m */ = {isa = PBXFileReference; fileEncoding = 4; lastKnownFileType = sourcecode.c.objc; path = IOTransmitters.m; sourceTree = "<group>"; };
		9A1BFD961E6EA8DE00A0007F /* IOUser.h */ = {isa = PBXFileReference; fileEncoding = 4; lastKnownFileType = sourcecode.c.h; path = IOUser.h; sourceTree = "<group>"; };
		9A1BFD971E6EA8DE00A0007F /* IOUser.m */ = {isa = PBXFileReference; fileEncoding = 4; lastKnownFileType = sourcecode.c.objc; path = IOUser.m; sourceTree = "<group>"; };
		9A1BFD9D1E6EA8DE00A0007F /* YWJBadgeView.h */ = {isa = PBXFileReference; fileEncoding = 4; lastKnownFileType = sourcecode.c.h; path = YWJBadgeView.h; sourceTree = "<group>"; };
		9A1BFD9E1E6EA8DE00A0007F /* YWJBadgeView.m */ = {isa = PBXFileReference; fileEncoding = 4; lastKnownFileType = sourcecode.c.objc; path = YWJBadgeView.m; sourceTree = "<group>"; };
		9A1BFD9F1E6EA8DE00A0007F /* YWJTabBar.h */ = {isa = PBXFileReference; fileEncoding = 4; lastKnownFileType = sourcecode.c.h; path = YWJTabBar.h; sourceTree = "<group>"; };
		9A1BFDA01E6EA8DE00A0007F /* YWJTabBar.m */ = {isa = PBXFileReference; fileEncoding = 4; lastKnownFileType = sourcecode.c.objc; path = YWJTabBar.m; sourceTree = "<group>"; };
		9A1BFDA11E6EA8DE00A0007F /* YWJTabBarButton.h */ = {isa = PBXFileReference; fileEncoding = 4; lastKnownFileType = sourcecode.c.h; path = YWJTabBarButton.h; sourceTree = "<group>"; };
		9A1BFDA21E6EA8DE00A0007F /* YWJTabBarButton.m */ = {isa = PBXFileReference; fileEncoding = 4; lastKnownFileType = sourcecode.c.objc; path = YWJTabBarButton.m; sourceTree = "<group>"; };
		9A1BFDA51E6EA8DE00A0007F /* IOOrderedViewController.h */ = {isa = PBXFileReference; fileEncoding = 4; lastKnownFileType = sourcecode.c.h; path = IOOrderedViewController.h; sourceTree = "<group>"; };
		9A1BFDA61E6EA8DE00A0007F /* IOOrderedViewController.m */ = {isa = PBXFileReference; fileEncoding = 4; lastKnownFileType = sourcecode.c.objc; path = IOOrderedViewController.m; sourceTree = "<group>"; };
		9A1BFDA81E6EA8DE00A0007F /* IOOrder.h */ = {isa = PBXFileReference; fileEncoding = 4; lastKnownFileType = sourcecode.c.h; path = IOOrder.h; sourceTree = "<group>"; };
		9A1BFDA91E6EA8DE00A0007F /* IOOrder.m */ = {isa = PBXFileReference; fileEncoding = 4; lastKnownFileType = sourcecode.c.objc; path = IOOrder.m; sourceTree = "<group>"; };
		9A1BFDAB1E6EA8DE00A0007F /* IOOrderViewCell.h */ = {isa = PBXFileReference; fileEncoding = 4; lastKnownFileType = sourcecode.c.h; path = IOOrderViewCell.h; sourceTree = "<group>"; };
		9A1BFDAC1E6EA8DE00A0007F /* IOOrderViewCell.m */ = {isa = PBXFileReference; fileEncoding = 4; lastKnownFileType = sourcecode.c.objc; path = IOOrderViewCell.m; sourceTree = "<group>"; };
		9A1BFDAF1E6EA8DE00A0007F /* IOProfileMyCollectController.h */ = {isa = PBXFileReference; fileEncoding = 4; lastKnownFileType = sourcecode.c.h; path = IOProfileMyCollectController.h; sourceTree = "<group>"; };
		9A1BFDB01E6EA8DE00A0007F /* IOProfileMyCollectController.m */ = {isa = PBXFileReference; fileEncoding = 4; lastKnownFileType = sourcecode.c.objc; path = IOProfileMyCollectController.m; sourceTree = "<group>"; };
		9A1BFDB11E6EA8DE00A0007F /* IOProfileMyCouponController.h */ = {isa = PBXFileReference; fileEncoding = 4; lastKnownFileType = sourcecode.c.h; path = IOProfileMyCouponController.h; sourceTree = "<group>"; };
		9A1BFDB21E6EA8DE00A0007F /* IOProfileMyCouponController.m */ = {isa = PBXFileReference; fileEncoding = 4; lastKnownFileType = sourcecode.c.objc; path = IOProfileMyCouponController.m; sourceTree = "<group>"; };
		9A1BFDB31E6EA8DE00A0007F /* IOProfileMyEvaluateController.h */ = {isa = PBXFileReference; fileEncoding = 4; lastKnownFileType = sourcecode.c.h; path = IOProfileMyEvaluateController.h; sourceTree = "<group>"; };
		9A1BFDB41E6EA8DE00A0007F /* IOProfileMyEvaluateController.m */ = {isa = PBXFileReference; fileEncoding = 4; lastKnownFileType = sourcecode.c.objc; path = IOProfileMyEvaluateController.m; sourceTree = "<group>"; };
		9A1BFDB51E6EA8DE00A0007F /* IOProfileMyPointController.h */ = {isa = PBXFileReference; fileEncoding = 4; lastKnownFileType = sourcecode.c.h; path = IOProfileMyPointController.h; sourceTree = "<group>"; };
		9A1BFDB61E6EA8DE00A0007F /* IOProfileMyPointController.m */ = {isa = PBXFileReference; fileEncoding = 4; lastKnownFileType = sourcecode.c.objc; path = IOProfileMyPointController.m; sourceTree = "<group>"; };
		9A1BFDB71E6EA8DE00A0007F /* IOProfileViewController.h */ = {isa = PBXFileReference; fileEncoding = 4; lastKnownFileType = sourcecode.c.h; path = IOProfileViewController.h; sourceTree = "<group>"; };
		9A1BFDB81E6EA8DE00A0007F /* IOProfileViewController.m */ = {isa = PBXFileReference; fileEncoding = 4; lastKnownFileType = sourcecode.c.objc; path = IOProfileViewController.m; sourceTree = "<group>"; };
		9A1BFDBA1E6EA8DE00A0007F /* IOUserInfo.h */ = {isa = PBXFileReference; fileEncoding = 4; lastKnownFileType = sourcecode.c.h; path = IOUserInfo.h; sourceTree = "<group>"; };
		9A1BFDBB1E6EA8DE00A0007F /* IOUserInfo.m */ = {isa = PBXFileReference; fileEncoding = 4; lastKnownFileType = sourcecode.c.objc; path = IOUserInfo.m; sourceTree = "<group>"; };
		9A1BFDBD1E6EA8DE00A0007F /* IOProfileCell.h */ = {isa = PBXFileReference; fileEncoding = 4; lastKnownFileType = sourcecode.c.h; path = IOProfileCell.h; sourceTree = "<group>"; };
		9A1BFDBE1E6EA8DE00A0007F /* IOProfileCell.m */ = {isa = PBXFileReference; fileEncoding = 4; lastKnownFileType = sourcecode.c.objc; path = IOProfileCell.m; sourceTree = "<group>"; };
		9A1BFDBF1E6EA8DE00A0007F /* IOProfileHeaderView.h */ = {isa = PBXFileReference; fileEncoding = 4; lastKnownFileType = sourcecode.c.h; path = IOProfileHeaderView.h; sourceTree = "<group>"; };
		9A1BFDC01E6EA8DE00A0007F /* IOProfileHeaderView.m */ = {isa = PBXFileReference; fileEncoding = 4; lastKnownFileType = sourcecode.c.objc; path = IOProfileHeaderView.m; sourceTree = "<group>"; };
		9A1BFDC11E6EA8DE00A0007F /* IOProfileMyCollectView.h */ = {isa = PBXFileReference; fileEncoding = 4; lastKnownFileType = sourcecode.c.h; path = IOProfileMyCollectView.h; sourceTree = "<group>"; };
		9A1BFDC21E6EA8DE00A0007F /* IOProfileMyCollectView.m */ = {isa = PBXFileReference; fileEncoding = 4; lastKnownFileType = sourcecode.c.objc; path = IOProfileMyCollectView.m; sourceTree = "<group>"; };
		9A1BFDF61E6EA98100A0007F /* IOLoginViewController.h */ = {isa = PBXFileReference; fileEncoding = 4; lastKnownFileType = sourcecode.c.h; path = IOLoginViewController.h; sourceTree = "<group>"; };
		9A1BFDF71E6EA98100A0007F /* IOLoginViewController.m */ = {isa = PBXFileReference; fileEncoding = 4; lastKnownFileType = sourcecode.c.objc; path = IOLoginViewController.m; sourceTree = "<group>"; };
		9A1BFDF81E6EA98100A0007F /* IORegisterViewController.h */ = {isa = PBXFileReference; fileEncoding = 4; lastKnownFileType = sourcecode.c.h; path = IORegisterViewController.h; sourceTree = "<group>"; };
		9A1BFDF91E6EA98100A0007F /* IORegisterViewController.m */ = {isa = PBXFileReference; fileEncoding = 4; lastKnownFileType = sourcecode.c.objc; path = IORegisterViewController.m; sourceTree = "<group>"; };
		9A1BFDFC1E6EA99B00A0007F /* IOLoginView.h */ = {isa = PBXFileReference; fileEncoding = 4; lastKnownFileType = sourcecode.c.h; path = IOLoginView.h; sourceTree = "<group>"; };
		9A1BFDFD1E6EA99B00A0007F /* IOLoginView.m */ = {isa = PBXFileReference; fileEncoding = 4; lastKnownFileType = sourcecode.c.objc; path = IOLoginView.m; sourceTree = "<group>"; };
		9A1BFDFE1E6EA99B00A0007F /* IORegisterView.h */ = {isa = PBXFileReference; fileEncoding = 4; lastKnownFileType = sourcecode.c.h; path = IORegisterView.h; sourceTree = "<group>"; };
		9A1BFDFF1E6EA99B00A0007F /* IORegisterView.m */ = {isa = PBXFileReference; fileEncoding = 4; lastKnownFileType = sourcecode.c.objc; path = IORegisterView.m; sourceTree = "<group>"; };
		9A1BFE041E6EAA1800A0007F /* YWJCacheTool.h */ = {isa = PBXFileReference; fileEncoding = 4; lastKnownFileType = sourcecode.c.h; path = YWJCacheTool.h; sourceTree = "<group>"; };
		9A1BFE051E6EAA1800A0007F /* YWJCacheTool.m */ = {isa = PBXFileReference; fileEncoding = 4; lastKnownFileType = sourcecode.c.objc; path = YWJCacheTool.m; sourceTree = "<group>"; };
		9A1BFE081E6EAA1800A0007F /* YWJDishesParam.h */ = {isa = PBXFileReference; fileEncoding = 4; lastKnownFileType = sourcecode.c.h; path = YWJDishesParam.h; sourceTree = "<group>"; };
		9A1BFE091E6EAA1800A0007F /* YWJDishesParam.m */ = {isa = PBXFileReference; fileEncoding = 4; lastKnownFileType = sourcecode.c.objc; path = YWJDishesParam.m; sourceTree = "<group>"; };
		9A1BFE0B1E6EAA1800A0007F /* YWJDishesResult.h */ = {isa = PBXFileReference; fileEncoding = 4; lastKnownFileType = sourcecode.c.h; path = YWJDishesResult.h; sourceTree = "<group>"; };
		9A1BFE0C1E6EAA1800A0007F /* YWJDishesResult.m */ = {isa = PBXFileReference; fileEncoding = 4; lastKnownFileType = sourcecode.c.objc; path = YWJDishesResult.m; sourceTree = "<group>"; };
		9A1BFE0D1E6EAA1800A0007F /* YWJDishesTool.h */ = {isa = PBXFileReference; fileEncoding = 4; lastKnownFileType = sourcecode.c.h; path = YWJDishesTool.h; sourceTree = "<group>"; };
		9A1BFE0E1E6EAA1800A0007F /* YWJDishesTool.m */ = {isa = PBXFileReference; fileEncoding = 4; lastKnownFileType = sourcecode.c.objc; path = YWJDishesTool.m; sourceTree = "<group>"; };
		9A1BFE101E6EAA1800A0007F /* IOHttpTool.h */ = {isa = PBXFileReference; fileEncoding = 4; lastKnownFileType = sourcecode.c.h; path = IOHttpTool.h; sourceTree = "<group>"; };
		9A1BFE111E6EAA1800A0007F /* IOHttpTool.m */ = {isa = PBXFileReference; fileEncoding = 4; lastKnownFileType = sourcecode.c.objc; path = IOHttpTool.m; sourceTree = "<group>"; };
		9A1BFE141E6EAA1800A0007F /* YWJLoginParam.h */ = {isa = PBXFileReference; fileEncoding = 4; lastKnownFileType = sourcecode.c.h; path = YWJLoginParam.h; sourceTree = "<group>"; };
		9A1BFE151E6EAA1800A0007F /* YWJLoginParam.m */ = {isa = PBXFileReference; fileEncoding = 4; lastKnownFileType = sourcecode.c.objc; path = YWJLoginParam.m; sourceTree = "<group>"; };
		9A1BFE171E6EAA1800A0007F /* YWJLoginResult.h */ = {isa = PBXFileReference; fileEncoding = 4; lastKnownFileType = sourcecode.c.h; path = YWJLoginResult.h; sourceTree = "<group>"; };
		9A1BFE181E6EAA1800A0007F /* YWJLoginResult.m */ = {isa = PBXFileReference; fileEncoding = 4; lastKnownFileType = sourcecode.c.objc; path = YWJLoginResult.m; sourceTree = "<group>"; };
		9A1BFE191E6EAA1800A0007F /* YWJLoginTool.h */ = {isa = PBXFileReference; fileEncoding = 4; lastKnownFileType = sourcecode.c.h; path = YWJLoginTool.h; sourceTree = "<group>"; };
		9A1BFE1A1E6EAA1800A0007F /* YWJLoginTool.m */ = {isa = PBXFileReference; fileEncoding = 4; lastKnownFileType = sourcecode.c.objc; path = YWJLoginTool.m; sourceTree = "<group>"; };
		9A1BFE1C1E6EAA1800A0007F /* IOOrdersTool.h */ = {isa = PBXFileReference; fileEncoding = 4; lastKnownFileType = sourcecode.c.h; path = IOOrdersTool.h; sourceTree = "<group>"; };
		9A1BFE1D1E6EAA1800A0007F /* IOOrdersTool.m */ = {isa = PBXFileReference; fileEncoding = 4; lastKnownFileType = sourcecode.c.objc; path = IOOrdersTool.m; sourceTree = "<group>"; };
		9A1BFE1F1E6EAA1800A0007F /* IOOrdersParam.h */ = {isa = PBXFileReference; fileEncoding = 4; lastKnownFileType = sourcecode.c.h; path = IOOrdersParam.h; sourceTree = "<group>"; };
		9A1BFE201E6EAA1800A0007F /* IOOrdersParam.m */ = {isa = PBXFileReference; fileEncoding = 4; lastKnownFileType = sourcecode.c.objc; path = IOOrdersParam.m; sourceTree = "<group>"; };
		9A1BFE221E6EAA1800A0007F /* IOOrderResult.h */ = {isa = PBXFileReference; fileEncoding = 4; lastKnownFileType = sourcecode.c.h; path = IOOrderResult.h; sourceTree = "<group>"; };
		9A1BFE231E6EAA1800A0007F /* IOOrderResult.m */ = {isa = PBXFileReference; fileEncoding = 4; lastKnownFileType = sourcecode.c.objc; path = IOOrderResult.m; sourceTree = "<group>"; };
		9A1BFE251E6EAA1800A0007F /* YWJVersionTool.h */ = {isa = PBXFileReference; fileEncoding = 4; lastKnownFileType = sourcecode.c.h; path = YWJVersionTool.h; sourceTree = "<group>"; };
		9A1BFE261E6EAA1800A0007F /* YWJVersionTool.m */ = {isa = PBXFileReference; fileEncoding = 4; lastKnownFileType = sourcecode.c.objc; path = YWJVersionTool.m; sourceTree = "<group>"; };
		9A1BFE291E6EAA1800A0007F /* YWJRootNavigationViewController.h */ = {isa = PBXFileReference; fileEncoding = 4; lastKnownFileType = sourcecode.c.h; path = YWJRootNavigationViewController.h; sourceTree = "<group>"; };
		9A1BFE2A1E6EAA1800A0007F /* YWJRootNavigationViewController.m */ = {isa = PBXFileReference; fileEncoding = 4; lastKnownFileType = sourcecode.c.objc; path = YWJRootNavigationViewController.m; sourceTree = "<group>"; };
		9A1BFE2B1E6EAA1800A0007F /* YWJRootTool.h */ = {isa = PBXFileReference; fileEncoding = 4; lastKnownFileType = sourcecode.c.h; path = YWJRootTool.h; sourceTree = "<group>"; };
		9A1BFE2C1E6EAA1800A0007F /* YWJRootTool.m */ = {isa = PBXFileReference; fileEncoding = 4; lastKnownFileType = sourcecode.c.objc; path = YWJRootTool.m; sourceTree = "<group>"; };
		9A1BFE2F1E6EAA1800A0007F /* YWJShoppingCartInfoParam.h */ = {isa = PBXFileReference; fileEncoding = 4; lastKnownFileType = sourcecode.c.h; path = YWJShoppingCartInfoParam.h; sourceTree = "<group>"; };
		9A1BFE301E6EAA1800A0007F /* YWJShoppingCartInfoParam.m */ = {isa = PBXFileReference; fileEncoding = 4; lastKnownFileType = sourcecode.c.objc; path = YWJShoppingCartInfoParam.m; sourceTree = "<group>"; };
		9A1BFE311E6EAA1800A0007F /* YWJShoppingCartParam.h */ = {isa = PBXFileReference; fileEncoding = 4; lastKnownFileType = sourcecode.c.h; path = YWJShoppingCartParam.h; sourceTree = "<group>"; };
		9A1BFE321E6EAA1800A0007F /* YWJShoppingCartParam.m */ = {isa = PBXFileReference; fileEncoding = 4; lastKnownFileType = sourcecode.c.objc; path = YWJShoppingCartParam.m; sourceTree = "<group>"; };
		9A1BFE341E6EAA1800A0007F /* YWJShoppingCartInfoResult.h */ = {isa = PBXFileReference; fileEncoding = 4; lastKnownFileType = sourcecode.c.h; path = YWJShoppingCartInfoResult.h; sourceTree = "<group>"; };
		9A1BFE351E6EAA1800A0007F /* YWJShoppingCartInfoResult.m */ = {isa = PBXFileReference; fileEncoding = 4; lastKnownFileType = sourcecode.c.objc; path = YWJShoppingCartInfoResult.m; sourceTree = "<group>"; };
		9A1BFE361E6EAA1800A0007F /* YWJShoppingCartTool.h */ = {isa = PBXFileReference; fileEncoding = 4; lastKnownFileType = sourcecode.c.h; path = YWJShoppingCartTool.h; sourceTree = "<group>"; };
		9A1BFE371E6EAA1800A0007F /* YWJShoppingCartTool.m */ = {isa = PBXFileReference; fileEncoding = 4; lastKnownFileType = sourcecode.c.objc; path = YWJShoppingCartTool.m; sourceTree = "<group>"; };
		9A1BFE3A1E6EAA1800A0007F /* YWJShopsParam.h */ = {isa = PBXFileReference; fileEncoding = 4; lastKnownFileType = sourcecode.c.h; path = YWJShopsParam.h; sourceTree = "<group>"; };
		9A1BFE3B1E6EAA1800A0007F /* YWJShopsParam.m */ = {isa = PBXFileReference; fileEncoding = 4; lastKnownFileType = sourcecode.c.objc; path = YWJShopsParam.m; sourceTree = "<group>"; };
		9A1BFE3D1E6EAA1800A0007F /* YWJShopsResult.h */ = {isa = PBXFileReference; fileEncoding = 4; lastKnownFileType = sourcecode.c.h; path = YWJShopsResult.h; sourceTree = "<group>"; };
		9A1BFE3E1E6EAA1800A0007F /* YWJShopsResult.m */ = {isa = PBXFileReference; fileEncoding = 4; lastKnownFileType = sourcecode.c.objc; path = YWJShopsResult.m; sourceTree = "<group>"; };
		9A1BFE3F1E6EAA1800A0007F /* YWJShopsTool.h */ = {isa = PBXFileReference; fileEncoding = 4; lastKnownFileType = sourcecode.c.h; path = YWJShopsTool.h; sourceTree = "<group>"; };
		9A1BFE401E6EAA1800A0007F /* YWJShopsTool.m */ = {isa = PBXFileReference; fileEncoding = 4; lastKnownFileType = sourcecode.c.objc; path = YWJShopsTool.m; sourceTree = "<group>"; };
		9A1BFE431E6EAA1800A0007F /* YWJSubmitOrderParam.h */ = {isa = PBXFileReference; fileEncoding = 4; lastKnownFileType = sourcecode.c.h; path = YWJSubmitOrderParam.h; sourceTree = "<group>"; };
		9A1BFE441E6EAA1800A0007F /* YWJSubmitOrderParam.m */ = {isa = PBXFileReference; fileEncoding = 4; lastKnownFileType = sourcecode.c.objc; path = YWJSubmitOrderParam.m; sourceTree = "<group>"; };
		9A1BFE451E6EAA1800A0007F /* YWJSubmitOrderTool.h */ = {isa = PBXFileReference; fileEncoding = 4; lastKnownFileType = sourcecode.c.h; path = YWJSubmitOrderTool.h; sourceTree = "<group>"; };
		9A1BFE461E6EAA1800A0007F /* YWJSubmitOrderTool.m */ = {isa = PBXFileReference; fileEncoding = 4; lastKnownFileType = sourcecode.c.objc; path = YWJSubmitOrderTool.m; sourceTree = "<group>"; };
		9A1BFE5F1E6EACE200A0007F /* IOGlobalManager.h */ = {isa = PBXFileReference; fileEncoding = 4; lastKnownFileType = sourcecode.c.h; path = IOGlobalManager.h; sourceTree = "<group>"; };
		9A1BFE601E6EACE200A0007F /* IOGlobalManager.m */ = {isa = PBXFileReference; fileEncoding = 4; lastKnownFileType = sourcecode.c.objc; path = IOGlobalManager.m; sourceTree = "<group>"; };
		9A1BFE621E6F9EB500A0007F /* Singleton.h */ = {isa = PBXFileReference; fileEncoding = 4; lastKnownFileType = sourcecode.c.h; path = Singleton.h; sourceTree = "<group>"; };
		9AC08D6F1E39F3C600D728AD /* main.m */ = {isa = PBXFileReference; fileEncoding = 4; lastKnownFileType = sourcecode.c.objc; path = main.m; sourceTree = "<group>"; };
		9AC08D731E39F4E200D728AD /* AppDelegate.h */ = {isa = PBXFileReference; fileEncoding = 4; lastKnownFileType = sourcecode.c.h; path = AppDelegate.h; sourceTree = "<group>"; };
		9AC08D741E39F4E200D728AD /* AppDelegate.m */ = {isa = PBXFileReference; fileEncoding = 4; lastKnownFileType = sourcecode.c.objc; path = AppDelegate.m; sourceTree = "<group>"; };
		9AC08D751E39F4E200D728AD /* IOPrefixHeader.pch */ = {isa = PBXFileReference; fileEncoding = 4; lastKnownFileType = sourcecode.c.h; path = IOPrefixHeader.pch; sourceTree = "<group>"; };
		CA10A4961CC7B3B500131D56 /* Reveal.framework */ = {isa = PBXFileReference; lastKnownFileType = wrapper.framework; path = Reveal.framework; sourceTree = "<group>"; };
		CA41C8781D2BF0C90092921E /* UIView+Masonry_YWJ.h */ = {isa = PBXFileReference; fileEncoding = 4; lastKnownFileType = sourcecode.c.h; path = "UIView+Masonry_YWJ.h"; sourceTree = "<group>"; };
		CA41C8791D2BF0C90092921E /* UIView+Masonry_YWJ.m */ = {isa = PBXFileReference; fileEncoding = 4; lastKnownFileType = sourcecode.c.objc; path = "UIView+Masonry_YWJ.m"; sourceTree = "<group>"; };
		CA7069C91CE5F564007C5F3F /* UIBarButtonItem+IOBarButtonItem.h */ = {isa = PBXFileReference; fileEncoding = 4; lastKnownFileType = sourcecode.c.h; path = "UIBarButtonItem+IOBarButtonItem.h"; sourceTree = "<group>"; };
		CA7069CA1CE5F564007C5F3F /* UIBarButtonItem+IOBarButtonItem.m */ = {isa = PBXFileReference; fileEncoding = 4; lastKnownFileType = sourcecode.c.objc; path = "UIBarButtonItem+IOBarButtonItem.m"; sourceTree = "<group>"; };
		CAE8F00E1CB940E2005618B0 /* iOrder.app */ = {isa = PBXFileReference; explicitFileType = wrapper.application; includeInIndex = 0; path = iOrder.app; sourceTree = BUILT_PRODUCTS_DIR; };
		CAE8F0221CB940E2005618B0 /* Info.plist */ = {isa = PBXFileReference; lastKnownFileType = text.plist.xml; path = Info.plist; sourceTree = "<group>"; };
		CAE8F0271CB940E2005618B0 /* iOrderTests.xctest */ = {isa = PBXFileReference; explicitFileType = wrapper.cfbundle; includeInIndex = 0; path = iOrderTests.xctest; sourceTree = BUILT_PRODUCTS_DIR; };
		CAE8F02B1CB940E2005618B0 /* iOrderTests.m */ = {isa = PBXFileReference; lastKnownFileType = sourcecode.c.objc; path = iOrderTests.m; sourceTree = "<group>"; };
		CAE8F02D1CB940E2005618B0 /* Info.plist */ = {isa = PBXFileReference; lastKnownFileType = text.plist.xml; path = Info.plist; sourceTree = "<group>"; };
		CAE8F0321CB940E2005618B0 /* iOrderUITests.xctest */ = {isa = PBXFileReference; explicitFileType = wrapper.cfbundle; includeInIndex = 0; path = iOrderUITests.xctest; sourceTree = BUILT_PRODUCTS_DIR; };
		CAE8F0361CB940E2005618B0 /* iOrderUITests.m */ = {isa = PBXFileReference; lastKnownFileType = sourcecode.c.objc; path = iOrderUITests.m; sourceTree = "<group>"; };
		CAE8F0381CB940E2005618B0 /* Info.plist */ = {isa = PBXFileReference; lastKnownFileType = text.plist.xml; path = Info.plist; sourceTree = "<group>"; };
		CAE8F0631CB94170005618B0 /* UIView+YWJFrame.h */ = {isa = PBXFileReference; fileEncoding = 4; lastKnownFileType = sourcecode.c.h; path = "UIView+YWJFrame.h"; sourceTree = "<group>"; };
		CAE8F0641CB94170005618B0 /* UIView+YWJFrame.m */ = {isa = PBXFileReference; fileEncoding = 4; lastKnownFileType = sourcecode.c.objc; path = "UIView+YWJFrame.m"; sourceTree = "<group>"; };
		CAE8F0851CB9417F005618B0 /* Assets.xcassets */ = {isa = PBXFileReference; lastKnownFileType = folder.assetcatalog; path = Assets.xcassets; sourceTree = "<group>"; };
		E54237A12030477D4B151FF1 /* Pods-iOrder.debug.xcconfig */ = {isa = PBXFileReference; includeInIndex = 1; lastKnownFileType = text.xcconfig; name = "Pods-iOrder.debug.xcconfig"; path = "Pods/Target Support Files/Pods-iOrder/Pods-iOrder.debug.xcconfig"; sourceTree = "<group>"; };
/* End PBXFileReference section */

/* Begin PBXFrameworksBuildPhase section */
		CAE8F00B1CB940E2005618B0 /* Frameworks */ = {
			isa = PBXFrameworksBuildPhase;
			buildActionMask = 2147483647;
			files = (
				CFEA7B973FA4FE6762466625 /* libPods-iOrder.a in Frameworks */,
			);
			runOnlyForDeploymentPostprocessing = 0;
		};
		CAE8F0241CB940E2005618B0 /* Frameworks */ = {
			isa = PBXFrameworksBuildPhase;
			buildActionMask = 2147483647;
			files = (
			);
			runOnlyForDeploymentPostprocessing = 0;
		};
		CAE8F02F1CB940E2005618B0 /* Frameworks */ = {
			isa = PBXFrameworksBuildPhase;
			buildActionMask = 2147483647;
			files = (
			);
			runOnlyForDeploymentPostprocessing = 0;
		};
/* End PBXFrameworksBuildPhase section */

/* Begin PBXGroup section */
		6300372F0D50A535DA5791E0 /* Pods */ = {
			isa = PBXGroup;
			children = (
				E54237A12030477D4B151FF1 /* Pods-iOrder.debug.xcconfig */,
				3A6A169DE0BA56711B632DC4 /* Pods-iOrder.release.xcconfig */,
			);
			name = Pods;
			sourceTree = "<group>";
		};
		9A1BFD4D1E6EA8DE00A0007F /* CommonModule */ = {
			isa = PBXGroup;
			children = (
				9A1BFE5E1E6EACAA00A0007F /* GlobalManager */,
				9A1BFD4F1E6EA8DE00A0007F /* NewFeature */,
				9A1BFD4E1E6EA8DE00A0007F /* Login&Register */,
			);
			path = CommonModule;
			sourceTree = "<group>";
		};
		9A1BFD4E1E6EA8DE00A0007F /* Login&Register */ = {
			isa = PBXGroup;
			children = (
				9A1BFDF31E6EA96400A0007F /* Controller */,
				9A1BFDF41E6EA96400A0007F /* Model */,
				9A1BFDF51E6EA96400A0007F /* View */,
			);
			path = "Login&Register";
			sourceTree = "<group>";
		};
		9A1BFD4F1E6EA8DE00A0007F /* NewFeature */ = {
			isa = PBXGroup;
			children = (
				9A1BFD501E6EA8DE00A0007F /* Controller */,
				9A1BFD531E6EA8DE00A0007F /* View */,
			);
			path = NewFeature;
			sourceTree = "<group>";
		};
		9A1BFD501E6EA8DE00A0007F /* Controller */ = {
			isa = PBXGroup;
			children = (
				9A1BFD511E6EA8DE00A0007F /* IONewFeatureViewController.h */,
				9A1BFD521E6EA8DE00A0007F /* IONewFeatureViewController.m */,
			);
			path = Controller;
			sourceTree = "<group>";
		};
		9A1BFD531E6EA8DE00A0007F /* View */ = {
			isa = PBXGroup;
			children = (
				9A1BFD541E6EA8DE00A0007F /* YWJNewFeatureScrollPage.h */,
				9A1BFD551E6EA8DE00A0007F /* YWJNewFeatureScrollPage.m */,
			);
			path = View;
			sourceTree = "<group>";
		};
		9A1BFD561E6EA8DE00A0007F /* MainModule */ = {
			isa = PBXGroup;
			children = (
				9A1BFD891E6EA8DE00A0007F /* Main */,
				9A1BFD571E6EA8DE00A0007F /* Home */,
				9A1BFDA31E6EA8DE00A0007F /* Ordered */,
				9A1BFDAD1E6EA8DE00A0007F /* Profile */,
			);
			path = MainModule;
			sourceTree = "<group>";
		};
		9A1BFD571E6EA8DE00A0007F /* Home */ = {
			isa = PBXGroup;
			children = (
				9A1BFD581E6EA8DE00A0007F /* Controller */,
				9A1BFD631E6EA8DE00A0007F /* Model */,
				9A1BFD6E1E6EA8DE00A0007F /* View */,
			);
			path = Home;
			sourceTree = "<group>";
		};
		9A1BFD581E6EA8DE00A0007F /* Controller */ = {
			isa = PBXGroup;
			children = (
				9A1BFD591E6EA8DE00A0007F /* IODishViewController.h */,
				9A1BFD5A1E6EA8DE00A0007F /* IODishViewController.m */,
				9A1BFD5B1E6EA8DE00A0007F /* IOHomeViewController.h */,
				9A1BFD5C1E6EA8DE00A0007F /* IOHomeViewController.m */,
				9A1BFD5D1E6EA8DE00A0007F /* IOShopViewController.h */,
				9A1BFD5E1E6EA8DE00A0007F /* IOShopViewController.m */,
				9A1BFD5F1E6EA8DE00A0007F /* IOSingInViewController.h */,
				9A1BFD601E6EA8DE00A0007F /* IOSingInViewController.m */,
				9A1BFD611E6EA8DE00A0007F /* IOSubmitViewController.h */,
				9A1BFD621E6EA8DE00A0007F /* IOSubmitViewController.m */,
			);
			path = Controller;
			sourceTree = "<group>";
		};
		9A1BFD631E6EA8DE00A0007F /* Model */ = {
			isa = PBXGroup;
			children = (
				9A1BFD641E6EA8DE00A0007F /* IODishInfo.h */,
				9A1BFD651E6EA8DE00A0007F /* IODishInfo.m */,
				9A1BFD661E6EA8DE00A0007F /* IOShop.h */,
				9A1BFD671E6EA8DE00A0007F /* IOShop.m */,
				9A1BFD681E6EA8DE00A0007F /* IOShopDetailCellInfo.h */,
				9A1BFD691E6EA8DE00A0007F /* IOShopDetailCellInfo.m */,
				9A1BFD6A1E6EA8DE00A0007F /* IOShoppingCartInfo.h */,
				9A1BFD6B1E6EA8DE00A0007F /* IOShoppingCartInfo.m */,
				9A1BFD6C1E6EA8DE00A0007F /* IOShoppingViewInfo.h */,
				9A1BFD6D1E6EA8DE00A0007F /* IOShoppingViewInfo.m */,
			);
			path = Model;
			sourceTree = "<group>";
		};
		9A1BFD6E1E6EA8DE00A0007F /* View */ = {
			isa = PBXGroup;
			children = (
				9A1BFD6F1E6EA8DE00A0007F /* IOHomeCell.h */,
				9A1BFD701E6EA8DE00A0007F /* IOHomeCell.m */,
				9A1BFD711E6EA8DE00A0007F /* IOHomeHeaderView.h */,
				9A1BFD721E6EA8DE00A0007F /* IOHomeHeaderView.m */,
				9A1BFD731E6EA8DE00A0007F /* IOSegmentScrollView.h */,
				9A1BFD741E6EA8DE00A0007F /* IOSegmentScrollView.m */,
				9A1BFD751E6EA8DE00A0007F /* IOShopCell.h */,
				9A1BFD761E6EA8DE00A0007F /* IOShopCell.m */,
				9A1BFD771E6EA8DE00A0007F /* IOShopDetail.h */,
				9A1BFD781E6EA8DE00A0007F /* IOShopDetail.m */,
				9A1BFD791E6EA8DE00A0007F /* IOShopEvaluate.h */,
				9A1BFD7A1E6EA8DE00A0007F /* IOShopEvaluate.m */,
				9A1BFD7B1E6EA8DE00A0007F /* IOShopHeaderView.h */,
				9A1BFD7C1E6EA8DE00A0007F /* IOShopHeaderView.m */,
				9A1BFD7D1E6EA8DE00A0007F /* IOShoppingCartView.h */,
				9A1BFD7E1E6EA8DE00A0007F /* IOShoppingCartView.m */,
				9A1BFD7F1E6EA8DE00A0007F /* IOSignInFooterView.h */,
				9A1BFD801E6EA8DE00A0007F /* IOSignInFooterView.m */,
				9A1BFD811E6EA8DE00A0007F /* IOSignInHeaderView.h */,
				9A1BFD821E6EA8DE00A0007F /* IOSignInHeaderView.m */,
				9A1BFD831E6EA8DE00A0007F /* IOSubmitCell.h */,
				9A1BFD841E6EA8DE00A0007F /* IOSubmitCell.m */,
				9A1BFD851E6EA8DE00A0007F /* IOSubmitOrderView.h */,
				9A1BFD861E6EA8DE00A0007F /* IOSubmitOrderView.m */,
				9A1BFD871E6EA8DE00A0007F /* YWJDoubleTableView.h */,
				9A1BFD881E6EA8DE00A0007F /* YWJDoubleTableView.m */,
			);
			path = View;
			sourceTree = "<group>";
		};
		9A1BFD891E6EA8DE00A0007F /* Main */ = {
			isa = PBXGroup;
			children = (
				9A1BFD8A1E6EA8DE00A0007F /* Controller */,
				9A1BFD931E6EA8DE00A0007F /* Model */,
				9A1BFD981E6EA8DE00A0007F /* View */,
			);
			path = Main;
			sourceTree = "<group>";
		};
		9A1BFD8A1E6EA8DE00A0007F /* Controller */ = {
			isa = PBXGroup;
			children = (
				9A1BFD8D1E6EA8DE00A0007F /* IONavigationController.h */,
				9A1BFD8E1E6EA8DE00A0007F /* IONavigationController.m */,
				9A1BFD911E6EA8DE00A0007F /* IOTabBarController.h */,
				9A1BFD921E6EA8DE00A0007F /* IOTabBarController.m */,
			);
			path = Controller;
			sourceTree = "<group>";
		};
		9A1BFD931E6EA8DE00A0007F /* Model */ = {
			isa = PBXGroup;
			children = (
				9A1BFD941E6EA8DE00A0007F /* IOTransmitters.h */,
				9A1BFD951E6EA8DE00A0007F /* IOTransmitters.m */,
				9A1BFD961E6EA8DE00A0007F /* IOUser.h */,
				9A1BFD971E6EA8DE00A0007F /* IOUser.m */,
			);
			path = Model;
			sourceTree = "<group>";
		};
		9A1BFD981E6EA8DE00A0007F /* View */ = {
			isa = PBXGroup;
			children = (
				9A1BFD9D1E6EA8DE00A0007F /* YWJBadgeView.h */,
				9A1BFD9E1E6EA8DE00A0007F /* YWJBadgeView.m */,
				9A1BFD9F1E6EA8DE00A0007F /* YWJTabBar.h */,
				9A1BFDA01E6EA8DE00A0007F /* YWJTabBar.m */,
				9A1BFDA11E6EA8DE00A0007F /* YWJTabBarButton.h */,
				9A1BFDA21E6EA8DE00A0007F /* YWJTabBarButton.m */,
			);
			path = View;
			sourceTree = "<group>";
		};
		9A1BFDA31E6EA8DE00A0007F /* Ordered */ = {
			isa = PBXGroup;
			children = (
				9A1BFDA41E6EA8DE00A0007F /* Controller */,
				9A1BFDA71E6EA8DE00A0007F /* Model */,
				9A1BFDAA1E6EA8DE00A0007F /* View */,
			);
			path = Ordered;
			sourceTree = "<group>";
		};
		9A1BFDA41E6EA8DE00A0007F /* Controller */ = {
			isa = PBXGroup;
			children = (
				9A1BFDA51E6EA8DE00A0007F /* IOOrderedViewController.h */,
				9A1BFDA61E6EA8DE00A0007F /* IOOrderedViewController.m */,
			);
			path = Controller;
			sourceTree = "<group>";
		};
		9A1BFDA71E6EA8DE00A0007F /* Model */ = {
			isa = PBXGroup;
			children = (
				9A1BFDA81E6EA8DE00A0007F /* IOOrder.h */,
				9A1BFDA91E6EA8DE00A0007F /* IOOrder.m */,
			);
			path = Model;
			sourceTree = "<group>";
		};
		9A1BFDAA1E6EA8DE00A0007F /* View */ = {
			isa = PBXGroup;
			children = (
				9A1BFDAB1E6EA8DE00A0007F /* IOOrderViewCell.h */,
				9A1BFDAC1E6EA8DE00A0007F /* IOOrderViewCell.m */,
			);
			path = View;
			sourceTree = "<group>";
		};
		9A1BFDAD1E6EA8DE00A0007F /* Profile */ = {
			isa = PBXGroup;
			children = (
				9A1BFDAE1E6EA8DE00A0007F /* Controller */,
				9A1BFDB91E6EA8DE00A0007F /* Model */,
				9A1BFDBC1E6EA8DE00A0007F /* View */,
			);
			path = Profile;
			sourceTree = "<group>";
		};
		9A1BFDAE1E6EA8DE00A0007F /* Controller */ = {
			isa = PBXGroup;
			children = (
				9A1BFDAF1E6EA8DE00A0007F /* IOProfileMyCollectController.h */,
				9A1BFDB01E6EA8DE00A0007F /* IOProfileMyCollectController.m */,
				9A1BFDB11E6EA8DE00A0007F /* IOProfileMyCouponController.h */,
				9A1BFDB21E6EA8DE00A0007F /* IOProfileMyCouponController.m */,
				9A1BFDB31E6EA8DE00A0007F /* IOProfileMyEvaluateController.h */,
				9A1BFDB41E6EA8DE00A0007F /* IOProfileMyEvaluateController.m */,
				9A1BFDB51E6EA8DE00A0007F /* IOProfileMyPointController.h */,
				9A1BFDB61E6EA8DE00A0007F /* IOProfileMyPointController.m */,
				9A1BFDB71E6EA8DE00A0007F /* IOProfileViewController.h */,
				9A1BFDB81E6EA8DE00A0007F /* IOProfileViewController.m */,
			);
			path = Controller;
			sourceTree = "<group>";
		};
		9A1BFDB91E6EA8DE00A0007F /* Model */ = {
			isa = PBXGroup;
			children = (
				9A1BFDBA1E6EA8DE00A0007F /* IOUserInfo.h */,
				9A1BFDBB1E6EA8DE00A0007F /* IOUserInfo.m */,
			);
			path = Model;
			sourceTree = "<group>";
		};
		9A1BFDBC1E6EA8DE00A0007F /* View */ = {
			isa = PBXGroup;
			children = (
				9A1BFDBD1E6EA8DE00A0007F /* IOProfileCell.h */,
				9A1BFDBE1E6EA8DE00A0007F /* IOProfileCell.m */,
				9A1BFDBF1E6EA8DE00A0007F /* IOProfileHeaderView.h */,
				9A1BFDC01E6EA8DE00A0007F /* IOProfileHeaderView.m */,
				9A1BFDC11E6EA8DE00A0007F /* IOProfileMyCollectView.h */,
				9A1BFDC21E6EA8DE00A0007F /* IOProfileMyCollectView.m */,
			);
			path = View;
			sourceTree = "<group>";
		};
		9A1BFDF31E6EA96400A0007F /* Controller */ = {
			isa = PBXGroup;
			children = (
				9A1BFDF61E6EA98100A0007F /* IOLoginViewController.h */,
				9A1BFDF71E6EA98100A0007F /* IOLoginViewController.m */,
				9A1BFDF81E6EA98100A0007F /* IORegisterViewController.h */,
				9A1BFDF91E6EA98100A0007F /* IORegisterViewController.m */,
			);
			path = Controller;
			sourceTree = "<group>";
		};
		9A1BFDF41E6EA96400A0007F /* Model */ = {
			isa = PBXGroup;
			children = (
			);
			path = Model;
			sourceTree = "<group>";
		};
		9A1BFDF51E6EA96400A0007F /* View */ = {
			isa = PBXGroup;
			children = (
				9A1BFDFC1E6EA99B00A0007F /* IOLoginView.h */,
				9A1BFDFD1E6EA99B00A0007F /* IOLoginView.m */,
				9A1BFDFE1E6EA99B00A0007F /* IORegisterView.h */,
				9A1BFDFF1E6EA99B00A0007F /* IORegisterView.m */,
			);
			path = View;
			sourceTree = "<group>";
		};
		9A1BFE021E6EAA1800A0007F /* Tool */ = {
			isa = PBXGroup;
			children = (
				9A1BFE031E6EAA1800A0007F /* DatabaseCache */,
				9A1BFE061E6EAA1800A0007F /* Dishes */,
				9A1BFE0F1E6EAA1800A0007F /* Http */,
				9A1BFE121E6EAA1800A0007F /* Login */,
				9A1BFE1B1E6EAA1800A0007F /* Orders */,
				9A1BFE241E6EAA1800A0007F /* Preference */,
				9A1BFE271E6EAA1800A0007F /* Root */,
				9A1BFE2D1E6EAA1800A0007F /* ShoppingCarts */,
				9A1BFE381E6EAA1800A0007F /* Shops */,
				9A1BFE411E6EAA1800A0007F /* SubmitOrder */,
			);
			path = Tool;
			sourceTree = "<group>";
		};
		9A1BFE031E6EAA1800A0007F /* DatabaseCache */ = {
			isa = PBXGroup;
			children = (
				9A1BFE041E6EAA1800A0007F /* YWJCacheTool.h */,
				9A1BFE051E6EAA1800A0007F /* YWJCacheTool.m */,
			);
			path = DatabaseCache;
			sourceTree = "<group>";
		};
		9A1BFE061E6EAA1800A0007F /* Dishes */ = {
			isa = PBXGroup;
			children = (
				9A1BFE071E6EAA1800A0007F /* Param */,
				9A1BFE0A1E6EAA1800A0007F /* Result */,
				9A1BFE0D1E6EAA1800A0007F /* YWJDishesTool.h */,
				9A1BFE0E1E6EAA1800A0007F /* YWJDishesTool.m */,
			);
			path = Dishes;
			sourceTree = "<group>";
		};
		9A1BFE071E6EAA1800A0007F /* Param */ = {
			isa = PBXGroup;
			children = (
				9A1BFE081E6EAA1800A0007F /* YWJDishesParam.h */,
				9A1BFE091E6EAA1800A0007F /* YWJDishesParam.m */,
			);
			path = Param;
			sourceTree = "<group>";
		};
		9A1BFE0A1E6EAA1800A0007F /* Result */ = {
			isa = PBXGroup;
			children = (
				9A1BFE0B1E6EAA1800A0007F /* YWJDishesResult.h */,
				9A1BFE0C1E6EAA1800A0007F /* YWJDishesResult.m */,
			);
			path = Result;
			sourceTree = "<group>";
		};
		9A1BFE0F1E6EAA1800A0007F /* Http */ = {
			isa = PBXGroup;
			children = (
				9A1BFE101E6EAA1800A0007F /* IOHttpTool.h */,
				9A1BFE111E6EAA1800A0007F /* IOHttpTool.m */,
			);
			path = Http;
			sourceTree = "<group>";
		};
		9A1BFE121E6EAA1800A0007F /* Login */ = {
			isa = PBXGroup;
			children = (
				9A1BFE131E6EAA1800A0007F /* Param */,
				9A1BFE161E6EAA1800A0007F /* Result */,
				9A1BFE191E6EAA1800A0007F /* YWJLoginTool.h */,
				9A1BFE1A1E6EAA1800A0007F /* YWJLoginTool.m */,
			);
			path = Login;
			sourceTree = "<group>";
		};
		9A1BFE131E6EAA1800A0007F /* Param */ = {
			isa = PBXGroup;
			children = (
				9A1BFE141E6EAA1800A0007F /* YWJLoginParam.h */,
				9A1BFE151E6EAA1800A0007F /* YWJLoginParam.m */,
			);
			path = Param;
			sourceTree = "<group>";
		};
		9A1BFE161E6EAA1800A0007F /* Result */ = {
			isa = PBXGroup;
			children = (
				9A1BFE171E6EAA1800A0007F /* YWJLoginResult.h */,
				9A1BFE181E6EAA1800A0007F /* YWJLoginResult.m */,
			);
			path = Result;
			sourceTree = "<group>";
		};
		9A1BFE1B1E6EAA1800A0007F /* Orders */ = {
			isa = PBXGroup;
			children = (
				9A1BFE1C1E6EAA1800A0007F /* IOOrdersTool.h */,
				9A1BFE1D1E6EAA1800A0007F /* IOOrdersTool.m */,
				9A1BFE1E1E6EAA1800A0007F /* Param */,
				9A1BFE211E6EAA1800A0007F /* Result */,
			);
			path = Orders;
			sourceTree = "<group>";
		};
		9A1BFE1E1E6EAA1800A0007F /* Param */ = {
			isa = PBXGroup;
			children = (
				9A1BFE1F1E6EAA1800A0007F /* IOOrdersParam.h */,
				9A1BFE201E6EAA1800A0007F /* IOOrdersParam.m */,
			);
			path = Param;
			sourceTree = "<group>";
		};
		9A1BFE211E6EAA1800A0007F /* Result */ = {
			isa = PBXGroup;
			children = (
				9A1BFE221E6EAA1800A0007F /* IOOrderResult.h */,
				9A1BFE231E6EAA1800A0007F /* IOOrderResult.m */,
			);
			path = Result;
			sourceTree = "<group>";
		};
		9A1BFE241E6EAA1800A0007F /* Preference */ = {
			isa = PBXGroup;
			children = (
				9A1BFE251E6EAA1800A0007F /* YWJVersionTool.h */,
				9A1BFE261E6EAA1800A0007F /* YWJVersionTool.m */,
			);
			path = Preference;
			sourceTree = "<group>";
		};
		9A1BFE271E6EAA1800A0007F /* Root */ = {
			isa = PBXGroup;
			children = (
				9A1BFE281E6EAA1800A0007F /* Controller */,
				9A1BFE2B1E6EAA1800A0007F /* YWJRootTool.h */,
				9A1BFE2C1E6EAA1800A0007F /* YWJRootTool.m */,
			);
			path = Root;
			sourceTree = "<group>";
		};
		9A1BFE281E6EAA1800A0007F /* Controller */ = {
			isa = PBXGroup;
			children = (
				9A1BFE291E6EAA1800A0007F /* YWJRootNavigationViewController.h */,
				9A1BFE2A1E6EAA1800A0007F /* YWJRootNavigationViewController.m */,
			);
			path = Controller;
			sourceTree = "<group>";
		};
		9A1BFE2D1E6EAA1800A0007F /* ShoppingCarts */ = {
			isa = PBXGroup;
			children = (
				9A1BFE2E1E6EAA1800A0007F /* Param */,
				9A1BFE331E6EAA1800A0007F /* Result */,
				9A1BFE361E6EAA1800A0007F /* YWJShoppingCartTool.h */,
				9A1BFE371E6EAA1800A0007F /* YWJShoppingCartTool.m */,
			);
			path = ShoppingCarts;
			sourceTree = "<group>";
		};
		9A1BFE2E1E6EAA1800A0007F /* Param */ = {
			isa = PBXGroup;
			children = (
				9A1BFE2F1E6EAA1800A0007F /* YWJShoppingCartInfoParam.h */,
				9A1BFE301E6EAA1800A0007F /* YWJShoppingCartInfoParam.m */,
				9A1BFE311E6EAA1800A0007F /* YWJShoppingCartParam.h */,
				9A1BFE321E6EAA1800A0007F /* YWJShoppingCartParam.m */,
			);
			path = Param;
			sourceTree = "<group>";
		};
		9A1BFE331E6EAA1800A0007F /* Result */ = {
			isa = PBXGroup;
			children = (
				9A1BFE341E6EAA1800A0007F /* YWJShoppingCartInfoResult.h */,
				9A1BFE351E6EAA1800A0007F /* YWJShoppingCartInfoResult.m */,
			);
			path = Result;
			sourceTree = "<group>";
		};
		9A1BFE381E6EAA1800A0007F /* Shops */ = {
			isa = PBXGroup;
			children = (
				9A1BFE391E6EAA1800A0007F /* Param */,
				9A1BFE3C1E6EAA1800A0007F /* Result */,
				9A1BFE3F1E6EAA1800A0007F /* YWJShopsTool.h */,
				9A1BFE401E6EAA1800A0007F /* YWJShopsTool.m */,
			);
			path = Shops;
			sourceTree = "<group>";
		};
		9A1BFE391E6EAA1800A0007F /* Param */ = {
			isa = PBXGroup;
			children = (
				9A1BFE3A1E6EAA1800A0007F /* YWJShopsParam.h */,
				9A1BFE3B1E6EAA1800A0007F /* YWJShopsParam.m */,
			);
			path = Param;
			sourceTree = "<group>";
		};
		9A1BFE3C1E6EAA1800A0007F /* Result */ = {
			isa = PBXGroup;
			children = (
				9A1BFE3D1E6EAA1800A0007F /* YWJShopsResult.h */,
				9A1BFE3E1E6EAA1800A0007F /* YWJShopsResult.m */,
			);
			path = Result;
			sourceTree = "<group>";
		};
		9A1BFE411E6EAA1800A0007F /* SubmitOrder */ = {
			isa = PBXGroup;
			children = (
				9A1BFE421E6EAA1800A0007F /* SubmitOrderParam */,
				9A1BFE451E6EAA1800A0007F /* YWJSubmitOrderTool.h */,
				9A1BFE461E6EAA1800A0007F /* YWJSubmitOrderTool.m */,
			);
			path = SubmitOrder;
			sourceTree = "<group>";
		};
		9A1BFE421E6EAA1800A0007F /* SubmitOrderParam */ = {
			isa = PBXGroup;
			children = (
				9A1BFE431E6EAA1800A0007F /* YWJSubmitOrderParam.h */,
				9A1BFE441E6EAA1800A0007F /* YWJSubmitOrderParam.m */,
			);
			path = SubmitOrderParam;
			sourceTree = "<group>";
		};
		9A1BFE5E1E6EACAA00A0007F /* GlobalManager */ = {
			isa = PBXGroup;
			children = (
				9A1BFE5F1E6EACE200A0007F /* IOGlobalManager.h */,
				9A1BFE601E6EACE200A0007F /* IOGlobalManager.m */,
			);
			path = GlobalManager;
			sourceTree = "<group>";
		};
		9AC08D611E39EEBD00D728AD /* Datum */ = {
			isa = PBXGroup;
			children = (
				9AC08D621E39EEBD00D728AD /* Files */,
				9AC08D631E39EEBD00D728AD /* Images */,
			);
			path = Datum;
			sourceTree = "<group>";
		};
		9AC08D621E39EEBD00D728AD /* Files */ = {
			isa = PBXGroup;
			children = (
			);
			path = Files;
			sourceTree = "<group>";
		};
		9AC08D631E39EEBD00D728AD /* Images */ = {
			isa = PBXGroup;
			children = (
			);
			path = Images;
			sourceTree = "<group>";
		};
		9AC08D711E39F4E200D728AD /* Base */ = {
			isa = PBXGroup;
			children = (
			);
			path = Base;
			sourceTree = "<group>";
		};
		9AC08D721E39F4E200D728AD /* Core */ = {
			isa = PBXGroup;
			children = (
				9AC08D731E39F4E200D728AD /* AppDelegate.h */,
				9AC08D741E39F4E200D728AD /* AppDelegate.m */,
				9AC08D751E39F4E200D728AD /* IOPrefixHeader.pch */,
			);
			path = Core;
			sourceTree = "<group>";
		};
		9AC08D761E39F4E200D728AD /* Helper */ = {
			isa = PBXGroup;
			children = (
			);
			path = Helper;
			sourceTree = "<group>";
		};
		9AC08D781E39F4E200D728AD /* Vendor */ = {
			isa = PBXGroup;
			children = (
			);
			path = Vendor;
			sourceTree = "<group>";
		};
		AC53E7F2F1CB4D0E4F921365 /* Frameworks */ = {
			isa = PBXGroup;
			children = (
				CA10A4961CC7B3B500131D56 /* Reveal.framework */,
				565EF0A881111C2576CC81D4 /* libPods-iOrder.a */,
			);
			name = Frameworks;
			sourceTree = "<group>";
		};
		CAE8F0051CB940E2005618B0 = {
			isa = PBXGroup;
			children = (
				CAE8F0101CB940E2005618B0 /* iOrder */,
				CAE8F02A1CB940E2005618B0 /* iOrderTests */,
				CAE8F0351CB940E2005618B0 /* iOrderUITests */,
				CAE8F00F1CB940E2005618B0 /* Products */,
				AC53E7F2F1CB4D0E4F921365 /* Frameworks */,
				6300372F0D50A535DA5791E0 /* Pods */,
			);
			sourceTree = "<group>";
		};
		CAE8F00F1CB940E2005618B0 /* Products */ = {
			isa = PBXGroup;
			children = (
				CAE8F00E1CB940E2005618B0 /* iOrder.app */,
				CAE8F0271CB940E2005618B0 /* iOrderTests.xctest */,
				CAE8F0321CB940E2005618B0 /* iOrderUITests.xctest */,
			);
			name = Products;
			sourceTree = "<group>";
		};
		CAE8F0101CB940E2005618B0 /* iOrder */ = {
			isa = PBXGroup;
			children = (
				CAE8F0441CB94170005618B0 /* Classes */,
				CAE8F0111CB940E2005618B0 /* Supporting Files */,
			);
			path = iOrder;
			sourceTree = "<group>";
		};
		CAE8F0111CB940E2005618B0 /* Supporting Files */ = {
			isa = PBXGroup;
			children = (
				9AC08D611E39EEBD00D728AD /* Datum */,
				CAE8F0851CB9417F005618B0 /* Assets.xcassets */,
				CAE8F0221CB940E2005618B0 /* Info.plist */,
				9AC08D6F1E39F3C600D728AD /* main.m */,
			);
			name = "Supporting Files";
			sourceTree = "<group>";
		};
		CAE8F02A1CB940E2005618B0 /* iOrderTests */ = {
			isa = PBXGroup;
			children = (
				CAE8F02B1CB940E2005618B0 /* iOrderTests.m */,
				CAE8F02D1CB940E2005618B0 /* Info.plist */,
			);
			path = iOrderTests;
			sourceTree = "<group>";
		};
		CAE8F0351CB940E2005618B0 /* iOrderUITests */ = {
			isa = PBXGroup;
			children = (
				CAE8F0361CB940E2005618B0 /* iOrderUITests.m */,
				CAE8F0381CB940E2005618B0 /* Info.plist */,
			);
			path = iOrderUITests;
			sourceTree = "<group>";
		};
		CAE8F0441CB94170005618B0 /* Classes */ = {
			isa = PBXGroup;
			children = (
				9A1BFD4D1E6EA8DE00A0007F /* CommonModule */,
				9A1BFD561E6EA8DE00A0007F /* MainModule */,
				CAE8F05F1CB94170005618B0 /* Other */,
			);
			path = Classes;
			sourceTree = "<group>";
		};
		CAE8F05F1CB94170005618B0 /* Other */ = {
			isa = PBXGroup;
			children = (
				9AC08D711E39F4E200D728AD /* Base */,
				9A1BFE021E6EAA1800A0007F /* Tool */,
				9AC08D721E39F4E200D728AD /* Core */,
				9AC08D761E39F4E200D728AD /* Helper */,
				9AC08D781E39F4E200D728AD /* Vendor */,
				CAE8F0621CB94170005618B0 /* Category */,
			);
			path = Other;
			sourceTree = "<group>";
		};
		CAE8F0621CB94170005618B0 /* Category */ = {
			isa = PBXGroup;
			children = (
				9A1BFE621E6F9EB500A0007F /* Singleton.h */,
				CAE8F0631CB94170005618B0 /* UIView+YWJFrame.h */,
				CAE8F0641CB94170005618B0 /* UIView+YWJFrame.m */,
				CA7069C91CE5F564007C5F3F /* UIBarButtonItem+IOBarButtonItem.h */,
				CA7069CA1CE5F564007C5F3F /* UIBarButtonItem+IOBarButtonItem.m */,
				CA41C8781D2BF0C90092921E /* UIView+Masonry_YWJ.h */,
				CA41C8791D2BF0C90092921E /* UIView+Masonry_YWJ.m */,
			);
			path = Category;
			sourceTree = "<group>";
		};
/* End PBXGroup section */

/* Begin PBXNativeTarget section */
		CAE8F00D1CB940E2005618B0 /* iOrder */ = {
			isa = PBXNativeTarget;
			buildConfigurationList = CAE8F03B1CB940E2005618B0 /* Build configuration list for PBXNativeTarget "iOrder" */;
			buildPhases = (
				5D569730AB2AF17D1E8CBBF0 /* [CP] Check Pods Manifest.lock */,
				CAE8F00A1CB940E2005618B0 /* Sources */,
				CAE8F00B1CB940E2005618B0 /* Frameworks */,
				CAE8F00C1CB940E2005618B0 /* Resources */,
				31FACBC2E65BE306D655D47B /* [CP] Embed Pods Frameworks */,
				6613B17C9EB6452998C61BFF /* [CP] Copy Pods Resources */,
			);
			buildRules = (
			);
			dependencies = (
			);
			name = iOrder;
			productName = iOrder;
			productReference = CAE8F00E1CB940E2005618B0 /* iOrder.app */;
			productType = "com.apple.product-type.application";
		};
		CAE8F0261CB940E2005618B0 /* iOrderTests */ = {
			isa = PBXNativeTarget;
			buildConfigurationList = CAE8F03E1CB940E2005618B0 /* Build configuration list for PBXNativeTarget "iOrderTests" */;
			buildPhases = (
				CAE8F0231CB940E2005618B0 /* Sources */,
				CAE8F0241CB940E2005618B0 /* Frameworks */,
				CAE8F0251CB940E2005618B0 /* Resources */,
			);
			buildRules = (
			);
			dependencies = (
				CAE8F0291CB940E2005618B0 /* PBXTargetDependency */,
			);
			name = iOrderTests;
			productName = iOrderTests;
			productReference = CAE8F0271CB940E2005618B0 /* iOrderTests.xctest */;
			productType = "com.apple.product-type.bundle.unit-test";
		};
		CAE8F0311CB940E2005618B0 /* iOrderUITests */ = {
			isa = PBXNativeTarget;
			buildConfigurationList = CAE8F0411CB940E2005618B0 /* Build configuration list for PBXNativeTarget "iOrderUITests" */;
			buildPhases = (
				CAE8F02E1CB940E2005618B0 /* Sources */,
				CAE8F02F1CB940E2005618B0 /* Frameworks */,
				CAE8F0301CB940E2005618B0 /* Resources */,
			);
			buildRules = (
			);
			dependencies = (
				CAE8F0341CB940E2005618B0 /* PBXTargetDependency */,
			);
			name = iOrderUITests;
			productName = iOrderUITests;
			productReference = CAE8F0321CB940E2005618B0 /* iOrderUITests.xctest */;
			productType = "com.apple.product-type.bundle.ui-testing";
		};
/* End PBXNativeTarget section */

/* Begin PBXProject section */
		CAE8F0061CB940E2005618B0 /* Project object */ = {
			isa = PBXProject;
			attributes = {
				CLASSPREFIX = IO;
				LastUpgradeCheck = 0800;
				ORGANIZATIONNAME = normcore;
				TargetAttributes = {
					CAE8F00D1CB940E2005618B0 = {
						CreatedOnToolsVersion = 7.0.1;
						DevelopmentTeam = CQA977E7GY;
						ProvisioningStyle = Automatic;
						SystemCapabilities = {
							com.apple.BackgroundModes = {
								enabled = 1;
							};
						};
					};
					CAE8F0261CB940E2005618B0 = {
						CreatedOnToolsVersion = 7.0.1;
						TestTargetID = CAE8F00D1CB940E2005618B0;
					};
					CAE8F0311CB940E2005618B0 = {
						CreatedOnToolsVersion = 7.0.1;
						TestTargetID = CAE8F00D1CB940E2005618B0;
					};
				};
			};
			buildConfigurationList = CAE8F0091CB940E2005618B0 /* Build configuration list for PBXProject "iOrder" */;
			compatibilityVersion = "Xcode 3.2";
			developmentRegion = English;
			hasScannedForEncodings = 0;
			knownRegions = (
				en,
				Base,
			);
			mainGroup = CAE8F0051CB940E2005618B0;
			productRefGroup = CAE8F00F1CB940E2005618B0 /* Products */;
			projectDirPath = "";
			projectRoot = "";
			targets = (
				CAE8F00D1CB940E2005618B0 /* iOrder */,
				CAE8F0261CB940E2005618B0 /* iOrderTests */,
				CAE8F0311CB940E2005618B0 /* iOrderUITests */,
			);
		};
/* End PBXProject section */

/* Begin PBXResourcesBuildPhase section */
		CAE8F00C1CB940E2005618B0 /* Resources */ = {
			isa = PBXResourcesBuildPhase;
			buildActionMask = 2147483647;
			files = (
				CAE8F0861CB9417F005618B0 /* Assets.xcassets in Resources */,
			);
			runOnlyForDeploymentPostprocessing = 0;
		};
		CAE8F0251CB940E2005618B0 /* Resources */ = {
			isa = PBXResourcesBuildPhase;
			buildActionMask = 2147483647;
			files = (
			);
			runOnlyForDeploymentPostprocessing = 0;
		};
		CAE8F0301CB940E2005618B0 /* Resources */ = {
			isa = PBXResourcesBuildPhase;
			buildActionMask = 2147483647;
			files = (
			);
			runOnlyForDeploymentPostprocessing = 0;
		};
/* End PBXResourcesBuildPhase section */

/* Begin PBXShellScriptBuildPhase section */
		31FACBC2E65BE306D655D47B /* [CP] Embed Pods Frameworks */ = {
			isa = PBXShellScriptBuildPhase;
			buildActionMask = 2147483647;
			files = (
			);
			inputPaths = (
			);
			name = "[CP] Embed Pods Frameworks";
			outputPaths = (
			);
			runOnlyForDeploymentPostprocessing = 0;
			shellPath = /bin/sh;
			shellScript = "\"${SRCROOT}/Pods/Target Support Files/Pods-iOrder/Pods-iOrder-frameworks.sh\"\n";
			showEnvVarsInLog = 0;
		};
		5D569730AB2AF17D1E8CBBF0 /* [CP] Check Pods Manifest.lock */ = {
			isa = PBXShellScriptBuildPhase;
			buildActionMask = 2147483647;
			files = (
			);
			inputPaths = (
			);
			name = "[CP] Check Pods Manifest.lock";
			outputPaths = (
			);
			runOnlyForDeploymentPostprocessing = 0;
			shellPath = /bin/sh;
			shellScript = "diff \"${PODS_ROOT}/../Podfile.lock\" \"${PODS_ROOT}/Manifest.lock\" > /dev/null\nif [ $? != 0 ] ; then\n    # print error to STDERR\n    echo \"error: The sandbox is not in sync with the Podfile.lock. Run 'pod install' or update your CocoaPods installation.\" >&2\n    exit 1\nfi\n";
			showEnvVarsInLog = 0;
		};
		6613B17C9EB6452998C61BFF /* [CP] Copy Pods Resources */ = {
			isa = PBXShellScriptBuildPhase;
			buildActionMask = 2147483647;
			files = (
			);
			inputPaths = (
			);
			name = "[CP] Copy Pods Resources";
			outputPaths = (
			);
			runOnlyForDeploymentPostprocessing = 0;
			shellPath = /bin/sh;
			shellScript = "\"${SRCROOT}/Pods/Target Support Files/Pods-iOrder/Pods-iOrder-resources.sh\"\n";
			showEnvVarsInLog = 0;
		};
/* End PBXShellScriptBuildPhase section */

/* Begin PBXSourcesBuildPhase section */
		CAE8F00A1CB940E2005618B0 /* Sources */ = {
			isa = PBXSourcesBuildPhase;
			buildActionMask = 2147483647;
			files = (
				9A1BFE611E6EACE200A0007F /* IOGlobalManager.m in Sources */,
				9A1BFDF01E6EA8DE00A0007F /* IOProfileCell.m in Sources */,
				9A1BFE561E6EAA1800A0007F /* YWJShoppingCartParam.m in Sources */,
				9A1BFE481E6EAA1800A0007F /* YWJDishesParam.m in Sources */,
				9A1BFDF11E6EA8DE00A0007F /* IOProfileHeaderView.m in Sources */,
				9A1BFDFA1E6EA98100A0007F /* IOLoginViewController.m in Sources */,
				9A1BFE011E6EA99B00A0007F /* IORegisterView.m in Sources */,
				9A1BFDC71E6EA8DE00A0007F /* IOShopViewController.m in Sources */,
				9A1BFE471E6EAA1800A0007F /* YWJCacheTool.m in Sources */,
				9A1BFE541E6EAA1800A0007F /* YWJRootTool.m in Sources */,
				9A1BFDC81E6EA8DE00A0007F /* IOSingInViewController.m in Sources */,
				9A1BFDD81E6EA8DE00A0007F /* IOSignInHeaderView.m in Sources */,
				9A1BFDED1E6EA8DE00A0007F /* IOProfileMyPointController.m in Sources */,
				9A1BFDCA1E6EA8DE00A0007F /* IODishInfo.m in Sources */,
				9A1BFE4E1E6EAA1800A0007F /* YWJLoginTool.m in Sources */,
				9A1BFE4F1E6EAA1800A0007F /* IOOrdersTool.m in Sources */,
				9A1BFE4B1E6EAA1800A0007F /* IOHttpTool.m in Sources */,
				9A1BFDC51E6EA8DE00A0007F /* IODishViewController.m in Sources */,
				9A1BFE571E6EAA1800A0007F /* YWJShoppingCartInfoResult.m in Sources */,
				9A1BFE5B1E6EAA1800A0007F /* YWJShopsTool.m in Sources */,
				9A1BFDD61E6EA8DE00A0007F /* IOShoppingCartView.m in Sources */,
				9A1BFDEB1E6EA8DE00A0007F /* IOProfileMyCouponController.m in Sources */,
				9A1BFDC31E6EA8DE00A0007F /* IONewFeatureViewController.m in Sources */,
				9A1BFE4A1E6EAA1800A0007F /* YWJDishesTool.m in Sources */,
				9A1BFDDF1E6EA8DE00A0007F /* IOTabBarController.m in Sources */,
				9A1BFE581E6EAA1800A0007F /* YWJShoppingCartTool.m in Sources */,
				9A1BFDCD1E6EA8DE00A0007F /* IOShoppingCartInfo.m in Sources */,
				9A1BFE521E6EAA1800A0007F /* YWJVersionTool.m in Sources */,
				9A1BFE591E6EAA1800A0007F /* YWJShopsParam.m in Sources */,
				9A1BFDE71E6EA8DE00A0007F /* IOOrderedViewController.m in Sources */,
				9A1BFE531E6EAA1800A0007F /* YWJRootNavigationViewController.m in Sources */,
				9A1BFE5A1E6EAA1800A0007F /* YWJShopsResult.m in Sources */,
				9AC08D791E39F4E200D728AD /* AppDelegate.m in Sources */,
				9A1BFDD41E6EA8DE00A0007F /* IOShopEvaluate.m in Sources */,
				CA41C87A1D2BF0C90092921E /* UIView+Masonry_YWJ.m in Sources */,
				9A1BFDD01E6EA8DE00A0007F /* IOHomeHeaderView.m in Sources */,
				9A1BFDD11E6EA8DE00A0007F /* IOSegmentScrollView.m in Sources */,
				9A1BFE551E6EAA1800A0007F /* YWJShoppingCartInfoParam.m in Sources */,
				9A1BFDEF1E6EA8DE00A0007F /* IOUserInfo.m in Sources */,
				9A1BFDE41E6EA8DE00A0007F /* YWJBadgeView.m in Sources */,
				9A1BFDF21E6EA8DE00A0007F /* IOProfileMyCollectView.m in Sources */,
				9A1BFDD51E6EA8DE00A0007F /* IOShopHeaderView.m in Sources */,
				9A1BFDCF1E6EA8DE00A0007F /* IOHomeCell.m in Sources */,
				9A1BFE501E6EAA1800A0007F /* IOOrdersParam.m in Sources */,
				9A1BFDC91E6EA8DE00A0007F /* IOSubmitViewController.m in Sources */,
				9A1BFE491E6EAA1800A0007F /* YWJDishesResult.m in Sources */,
				9A1BFE001E6EA99B00A0007F /* IOLoginView.m in Sources */,
				9A1BFDE51E6EA8DE00A0007F /* YWJTabBar.m in Sources */,
				9A1BFDDA1E6EA8DE00A0007F /* IOSubmitOrderView.m in Sources */,
				9A1BFDEA1E6EA8DE00A0007F /* IOProfileMyCollectController.m in Sources */,
				9A1BFDD21E6EA8DE00A0007F /* IOShopCell.m in Sources */,
				CAE8F0811CB94170005618B0 /* UIView+YWJFrame.m in Sources */,
				9A1BFDCC1E6EA8DE00A0007F /* IOShopDetailCellInfo.m in Sources */,
				9A1BFDC41E6EA8DE00A0007F /* YWJNewFeatureScrollPage.m in Sources */,
				9A1BFDE91E6EA8DE00A0007F /* IOOrderViewCell.m in Sources */,
				9A1BFDEE1E6EA8DE00A0007F /* IOProfileViewController.m in Sources */,
				9A1BFE5C1E6EAA1800A0007F /* YWJSubmitOrderParam.m in Sources */,
				9A1BFDE81E6EA8DE00A0007F /* IOOrder.m in Sources */,
				9A1BFDEC1E6EA8DE00A0007F /* IOProfileMyEvaluateController.m in Sources */,
				9A1BFDD31E6EA8DE00A0007F /* IOShopDetail.m in Sources */,
				9A1BFDD91E6EA8DE00A0007F /* IOSubmitCell.m in Sources */,
				9A1BFDCE1E6EA8DE00A0007F /* IOShoppingViewInfo.m in Sources */,
				9AC08D701E39F3C600D728AD /* main.m in Sources */,
				CA7069CB1CE5F564007C5F3F /* UIBarButtonItem+IOBarButtonItem.m in Sources */,
				9A1BFDFB1E6EA98100A0007F /* IORegisterViewController.m in Sources */,
				9A1BFDE61E6EA8DE00A0007F /* YWJTabBarButton.m in Sources */,
				9A1BFDC61E6EA8DE00A0007F /* IOHomeViewController.m in Sources */,
				9A1BFDCB1E6EA8DE00A0007F /* IOShop.m in Sources */,
				9A1BFDE01E6EA8DE00A0007F /* IOTransmitters.m in Sources */,
				9A1BFE4C1E6EAA1800A0007F /* YWJLoginParam.m in Sources */,
				9A1BFDD71E6EA8DE00A0007F /* IOSignInFooterView.m in Sources */,
				9A1BFDDB1E6EA8DE00A0007F /* YWJDoubleTableView.m in Sources */,
				9A1BFE4D1E6EAA1800A0007F /* YWJLoginResult.m in Sources */,
				9A1BFE511E6EAA1800A0007F /* IOOrderResult.m in Sources */,
				9A1BFDE11E6EA8DE00A0007F /* IOUser.m in Sources */,
				9A1BFDDD1E6EA8DE00A0007F /* IONavigationController.m in Sources */,
				9A1BFE5D1E6EAA1800A0007F /* YWJSubmitOrderTool.m in Sources */,
			);
			runOnlyForDeploymentPostprocessing = 0;
		};
		CAE8F0231CB940E2005618B0 /* Sources */ = {
			isa = PBXSourcesBuildPhase;
			buildActionMask = 2147483647;
			files = (
				CAE8F02C1CB940E2005618B0 /* iOrderTests.m in Sources */,
			);
			runOnlyForDeploymentPostprocessing = 0;
		};
		CAE8F02E1CB940E2005618B0 /* Sources */ = {
			isa = PBXSourcesBuildPhase;
			buildActionMask = 2147483647;
			files = (
				CAE8F0371CB940E2005618B0 /* iOrderUITests.m in Sources */,
			);
			runOnlyForDeploymentPostprocessing = 0;
		};
/* End PBXSourcesBuildPhase section */

/* Begin PBXTargetDependency section */
		CAE8F0291CB940E2005618B0 /* PBXTargetDependency */ = {
			isa = PBXTargetDependency;
			target = CAE8F00D1CB940E2005618B0 /* iOrder */;
			targetProxy = CAE8F0281CB940E2005618B0 /* PBXContainerItemProxy */;
		};
		CAE8F0341CB940E2005618B0 /* PBXTargetDependency */ = {
			isa = PBXTargetDependency;
			target = CAE8F00D1CB940E2005618B0 /* iOrder */;
			targetProxy = CAE8F0331CB940E2005618B0 /* PBXContainerItemProxy */;
		};
/* End PBXTargetDependency section */

/* Begin XCBuildConfiguration section */
		CAE8F0391CB940E2005618B0 /* Debug */ = {
			isa = XCBuildConfiguration;
			buildSettings = {
				ALWAYS_SEARCH_USER_PATHS = NO;
				CLANG_CXX_LANGUAGE_STANDARD = "gnu++0x";
				CLANG_CXX_LIBRARY = "libc++";
				CLANG_ENABLE_MODULES = YES;
				CLANG_ENABLE_OBJC_ARC = YES;
				CLANG_WARN_BOOL_CONVERSION = YES;
				CLANG_WARN_CONSTANT_CONVERSION = YES;
				CLANG_WARN_DIRECT_OBJC_ISA_USAGE = YES_ERROR;
				CLANG_WARN_EMPTY_BODY = YES;
				CLANG_WARN_ENUM_CONVERSION = YES;
				CLANG_WARN_INFINITE_RECURSION = YES;
				CLANG_WARN_INT_CONVERSION = YES;
				CLANG_WARN_OBJC_ROOT_CLASS = YES_ERROR;
				CLANG_WARN_SUSPICIOUS_MOVE = YES;
				CLANG_WARN_UNREACHABLE_CODE = YES;
				CLANG_WARN__DUPLICATE_METHOD_MATCH = YES;
				"CODE_SIGN_IDENTITY[sdk=iphoneos*]" = "iPhone Developer";
				COPY_PHASE_STRIP = NO;
				DEBUG_INFORMATION_FORMAT = dwarf;
				ENABLE_STRICT_OBJC_MSGSEND = YES;
				ENABLE_TESTABILITY = YES;
				GCC_C_LANGUAGE_STANDARD = gnu99;
				GCC_DYNAMIC_NO_PIC = NO;
				GCC_NO_COMMON_BLOCKS = YES;
				GCC_OPTIMIZATION_LEVEL = 0;
				GCC_PREPROCESSOR_DEFINITIONS = (
					"DEBUG=1",
					"$(inherited)",
				);
				GCC_WARN_64_TO_32_BIT_CONVERSION = YES;
				GCC_WARN_ABOUT_RETURN_TYPE = YES_ERROR;
				GCC_WARN_UNDECLARED_SELECTOR = YES;
				GCC_WARN_UNINITIALIZED_AUTOS = YES_AGGRESSIVE;
				GCC_WARN_UNUSED_FUNCTION = YES;
				GCC_WARN_UNUSED_VARIABLE = YES;
				IPHONEOS_DEPLOYMENT_TARGET = 8.0;
				MTL_ENABLE_DEBUG_INFO = YES;
				ONLY_ACTIVE_ARCH = YES;
				SDKROOT = iphoneos;
			};
			name = Debug;
		};
		CAE8F03A1CB940E2005618B0 /* Release */ = {
			isa = XCBuildConfiguration;
			buildSettings = {
				ALWAYS_SEARCH_USER_PATHS = NO;
				CLANG_CXX_LANGUAGE_STANDARD = "gnu++0x";
				CLANG_CXX_LIBRARY = "libc++";
				CLANG_ENABLE_MODULES = YES;
				CLANG_ENABLE_OBJC_ARC = YES;
				CLANG_WARN_BOOL_CONVERSION = YES;
				CLANG_WARN_CONSTANT_CONVERSION = YES;
				CLANG_WARN_DIRECT_OBJC_ISA_USAGE = YES_ERROR;
				CLANG_WARN_EMPTY_BODY = YES;
				CLANG_WARN_ENUM_CONVERSION = YES;
				CLANG_WARN_INFINITE_RECURSION = YES;
				CLANG_WARN_INT_CONVERSION = YES;
				CLANG_WARN_OBJC_ROOT_CLASS = YES_ERROR;
				CLANG_WARN_SUSPICIOUS_MOVE = YES;
				CLANG_WARN_UNREACHABLE_CODE = YES;
				CLANG_WARN__DUPLICATE_METHOD_MATCH = YES;
				"CODE_SIGN_IDENTITY[sdk=iphoneos*]" = "iPhone Developer";
				COPY_PHASE_STRIP = NO;
				DEBUG_INFORMATION_FORMAT = "dwarf-with-dsym";
				ENABLE_NS_ASSERTIONS = NO;
				ENABLE_STRICT_OBJC_MSGSEND = YES;
				GCC_C_LANGUAGE_STANDARD = gnu99;
				GCC_NO_COMMON_BLOCKS = YES;
				GCC_WARN_64_TO_32_BIT_CONVERSION = YES;
				GCC_WARN_ABOUT_RETURN_TYPE = YES_ERROR;
				GCC_WARN_UNDECLARED_SELECTOR = YES;
				GCC_WARN_UNINITIALIZED_AUTOS = YES_AGGRESSIVE;
				GCC_WARN_UNUSED_FUNCTION = YES;
				GCC_WARN_UNUSED_VARIABLE = YES;
				IPHONEOS_DEPLOYMENT_TARGET = 8.0;
				MTL_ENABLE_DEBUG_INFO = NO;
				SDKROOT = iphoneos;
				VALIDATE_PRODUCT = YES;
			};
			name = Release;
		};
		CAE8F03C1CB940E2005618B0 /* Debug */ = {
			isa = XCBuildConfiguration;
			baseConfigurationReference = E54237A12030477D4B151FF1 /* Pods-iOrder.debug.xcconfig */;
			buildSettings = {
				ASSETCATALOG_COMPILER_APPICON_NAME = AppIcon;
				ASSETCATALOG_COMPILER_LAUNCHIMAGE_NAME = LaunchImage;
				CODE_SIGN_IDENTITY = "iPhone Developer";
				"CODE_SIGN_IDENTITY[sdk=iphoneos*]" = "iPhone Developer";
				DEVELOPMENT_TEAM = CQA977E7GY;
				FRAMEWORK_SEARCH_PATHS = (
					"$(inherited)",
					"$(PROJECT_DIR)",
				);
				GCC_PREFIX_HEADER = iOrder/Classes/Other/Core/IOPrefixHeader.pch;
				INFOPLIST_FILE = iOrder/Info.plist;
				IPHONEOS_DEPLOYMENT_TARGET = 8.0;
				LD_RUNPATH_SEARCH_PATHS = "$(inherited) @executable_path/Frameworks";
				LIBRARY_SEARCH_PATHS = (
					"$(inherited)",
					"$(PROJECT_DIR)/iOrder/Classes/Other/AprilSDK",
				);
				OTHER_LDFLAGS = (
					"$(inherited)",
					"-ObjC",
					"-all_load",
					"-l\"AprilBeaconSDK\"",
					"-l\"RDVTabBarController\"",
					"-l\"z\"",
					"-framework",
					"\"CFNetwork\"",
					"-framework",
					"\"CoreGraphics\"",
					"-framework",
					"\"Foundation\"",
					"-framework",
					"\"QuartzCore\"",
					"-framework",
					"\"UIKit\"",
					"-lz",
				);
				PRODUCT_BUNDLE_IDENTIFIER = com.toryznoco.iOrder;
				PRODUCT_NAME = "$(TARGET_NAME)";
			};
			name = Debug;
		};
		CAE8F03D1CB940E2005618B0 /* Release */ = {
			isa = XCBuildConfiguration;
			baseConfigurationReference = 3A6A169DE0BA56711B632DC4 /* Pods-iOrder.release.xcconfig */;
			buildSettings = {
				ASSETCATALOG_COMPILER_APPICON_NAME = AppIcon;
				ASSETCATALOG_COMPILER_LAUNCHIMAGE_NAME = LaunchImage;
				CODE_SIGN_IDENTITY = "iPhone Developer";
				"CODE_SIGN_IDENTITY[sdk=iphoneos*]" = "iPhone Developer";
				DEVELOPMENT_TEAM = CQA977E7GY;
				FRAMEWORK_SEARCH_PATHS = (
					"$(inherited)",
					"$(PROJECT_DIR)",
				);
				GCC_PREFIX_HEADER = iOrder/Classes/Other/Core/IOPrefixHeader.pch;
				INFOPLIST_FILE = iOrder/Info.plist;
				IPHONEOS_DEPLOYMENT_TARGET = 8.0;
				LD_RUNPATH_SEARCH_PATHS = "$(inherited) @executable_path/Frameworks";
				LIBRARY_SEARCH_PATHS = (
					"$(inherited)",
					"$(PROJECT_DIR)/iOrder/Classes/Other/AprilSDK",
				);
				OTHER_LDFLAGS = (
					"$(inherited)",
					"-ObjC",
					"-all_load",
					"-l\"AprilBeaconSDK\"",
					"-l\"RDVTabBarController\"",
					"-l\"z\"",
					"-framework",
					"\"CFNetwork\"",
					"-framework",
					"\"CoreGraphics\"",
					"-framework",
					"\"Foundation\"",
					"-framework",
					"\"QuartzCore\"",
					"-framework",
					"\"UIKit\"",
					"-lz",
				);
				PRODUCT_BUNDLE_IDENTIFIER = com.toryznoco.iOrder;
				PRODUCT_NAME = "$(TARGET_NAME)";
			};
			name = Release;
		};
		CAE8F03F1CB940E2005618B0 /* Debug */ = {
			isa = XCBuildConfiguration;
			buildSettings = {
				BUNDLE_LOADER = "$(TEST_HOST)";
				INFOPLIST_FILE = iOrderTests/Info.plist;
				LD_RUNPATH_SEARCH_PATHS = "$(inherited) @executable_path/Frameworks @loader_path/Frameworks";
				PRODUCT_BUNDLE_IDENTIFIER = yiwujie.iOrderTests;
				PRODUCT_NAME = "$(TARGET_NAME)";
				TEST_HOST = "$(BUILT_PRODUCTS_DIR)/iOrder.app/iOrder";
			};
			name = Debug;
		};
		CAE8F0401CB940E2005618B0 /* Release */ = {
			isa = XCBuildConfiguration;
			buildSettings = {
				BUNDLE_LOADER = "$(TEST_HOST)";
				INFOPLIST_FILE = iOrderTests/Info.plist;
				LD_RUNPATH_SEARCH_PATHS = "$(inherited) @executable_path/Frameworks @loader_path/Frameworks";
				PRODUCT_BUNDLE_IDENTIFIER = yiwujie.iOrderTests;
				PRODUCT_NAME = "$(TARGET_NAME)";
				TEST_HOST = "$(BUILT_PRODUCTS_DIR)/iOrder.app/iOrder";
			};
			name = Release;
		};
		CAE8F0421CB940E2005618B0 /* Debug */ = {
			isa = XCBuildConfiguration;
			buildSettings = {
				INFOPLIST_FILE = iOrderUITests/Info.plist;
				LD_RUNPATH_SEARCH_PATHS = "$(inherited) @executable_path/Frameworks @loader_path/Frameworks";
				PRODUCT_BUNDLE_IDENTIFIER = yiwujie.iOrderUITests;
				PRODUCT_NAME = "$(TARGET_NAME)";
				TEST_TARGET_NAME = iOrder;
				USES_XCTRUNNER = YES;
			};
			name = Debug;
		};
		CAE8F0431CB940E2005618B0 /* Release */ = {
			isa = XCBuildConfiguration;
			buildSettings = {
				INFOPLIST_FILE = iOrderUITests/Info.plist;
				LD_RUNPATH_SEARCH_PATHS = "$(inherited) @executable_path/Frameworks @loader_path/Frameworks";
				PRODUCT_BUNDLE_IDENTIFIER = yiwujie.iOrderUITests;
				PRODUCT_NAME = "$(TARGET_NAME)";
				TEST_TARGET_NAME = iOrder;
				USES_XCTRUNNER = YES;
			};
			name = Release;
		};
/* End XCBuildConfiguration section */

/* Begin XCConfigurationList section */
		CAE8F0091CB940E2005618B0 /* Build configuration list for PBXProject "iOrder" */ = {
			isa = XCConfigurationList;
			buildConfigurations = (
				CAE8F0391CB940E2005618B0 /* Debug */,
				CAE8F03A1CB940E2005618B0 /* Release */,
			);
			defaultConfigurationIsVisible = 0;
			defaultConfigurationName = Debug;
		};
		CAE8F03B1CB940E2005618B0 /* Build configuration list for PBXNativeTarget "iOrder" */ = {
			isa = XCConfigurationList;
			buildConfigurations = (
				CAE8F03C1CB940E2005618B0 /* Debug */,
				CAE8F03D1CB940E2005618B0 /* Release */,
			);
			defaultConfigurationIsVisible = 0;
			defaultConfigurationName = Debug;
		};
		CAE8F03E1CB940E2005618B0 /* Build configuration list for PBXNativeTarget "iOrderTests" */ = {
			isa = XCConfigurationList;
			buildConfigurations = (
				CAE8F03F1CB940E2005618B0 /* Debug */,
				CAE8F0401CB940E2005618B0 /* Release */,
			);
			defaultConfigurationIsVisible = 0;
			defaultConfigurationName = Debug;
		};
		CAE8F0411CB940E2005618B0 /* Build configuration list for PBXNativeTarget "iOrderUITests" */ = {
			isa = XCConfigurationList;
			buildConfigurations = (
				CAE8F0421CB940E2005618B0 /* Debug */,
				CAE8F0431CB940E2005618B0 /* Release */,
			);
			defaultConfigurationIsVisible = 0;
			defaultConfigurationName = Debug;
		};
/* End XCConfigurationList section */
	};
	rootObject = CAE8F0061CB940E2005618B0 /* Project object */;
}
